// !$*UTF8*$!
{
	archiveVersion = 1;
	classes = {
	};
	objectVersion = 55;
	objects = {

/* Begin PBXBuildFile section */
		19E86F0C408DC866CD1139B8 /* Pods_TVCAP.framework in Frameworks */ = {isa = PBXBuildFile; fileRef = 6C037783B95398EC5B8F238A /* Pods_TVCAP.framework */; };
		6F00FE6F2AF8BE9E000E1850 /* AppDelegate.swift in Sources */ = {isa = PBXBuildFile; fileRef = 6F00FE6E2AF8BE9E000E1850 /* AppDelegate.swift */; };
		6F00FE712AF8BE9E000E1850 /* SceneDelegate.swift in Sources */ = {isa = PBXBuildFile; fileRef = 6F00FE702AF8BE9E000E1850 /* SceneDelegate.swift */; };
		6F00FE732AF8BE9E000E1850 /* ViewController.swift in Sources */ = {isa = PBXBuildFile; fileRef = 6F00FE722AF8BE9E000E1850 /* ViewController.swift */; };
		6F00FE792AF8BE9E000E1850 /* TVCAP.xcdatamodeld in Sources */ = {isa = PBXBuildFile; fileRef = 6F00FE772AF8BE9E000E1850 /* TVCAP.xcdatamodeld */; };
		6F00FE7B2AF8BE9F000E1850 /* Assets.xcassets in Resources */ = {isa = PBXBuildFile; fileRef = 6F00FE7A2AF8BE9F000E1850 /* Assets.xcassets */; };
		6F00FE7E2AF8BE9F000E1850 /* LaunchScreen.storyboard in Resources */ = {isa = PBXBuildFile; fileRef = 6F00FE7C2AF8BE9F000E1850 /* LaunchScreen.storyboard */; };
		6F00FE942AF8BF0F000E1850 /* UIView+Extension.swift in Sources */ = {isa = PBXBuildFile; fileRef = 6F00FE862AF8BF0F000E1850 /* UIView+Extension.swift */; };
		6F00FE952AF8BF0F000E1850 /* UIColor+Extension.swift in Sources */ = {isa = PBXBuildFile; fileRef = 6F00FE872AF8BF0F000E1850 /* UIColor+Extension.swift */; };
		6F00FE962AF8BF0F000E1850 /* UITextView+Extension.swift in Sources */ = {isa = PBXBuildFile; fileRef = 6F00FE882AF8BF0F000E1850 /* UITextView+Extension.swift */; };
		6F00FE972AF8BF0F000E1850 /* UIFont+Extension.swift in Sources */ = {isa = PBXBuildFile; fileRef = 6F00FE892AF8BF0F000E1850 /* UIFont+Extension.swift */; };
		6F00FE982AF8BF0F000E1850 /* UIViewController+Extension.swift in Sources */ = {isa = PBXBuildFile; fileRef = 6F00FE8A2AF8BF0F000E1850 /* UIViewController+Extension.swift */; };
		6F00FE992AF8BF0F000E1850 /* NSAttributedString+Extension.swift in Sources */ = {isa = PBXBuildFile; fileRef = 6F00FE8B2AF8BF0F000E1850 /* NSAttributedString+Extension.swift */; };
		6F00FE9A2AF8BF0F000E1850 /* UITableView+Extension.swift in Sources */ = {isa = PBXBuildFile; fileRef = 6F00FE8C2AF8BF0F000E1850 /* UITableView+Extension.swift */; };
		6F00FE9B2AF8BF0F000E1850 /* String+Extension.swift in Sources */ = {isa = PBXBuildFile; fileRef = 6F00FE8D2AF8BF0F000E1850 /* String+Extension.swift */; };
		6F00FE9C2AF8BF0F000E1850 /* UICollectionView+Extension.swift in Sources */ = {isa = PBXBuildFile; fileRef = 6F00FE8E2AF8BF0F000E1850 /* UICollectionView+Extension.swift */; };
		6F00FE9D2AF8BF0F000E1850 /* UINavigation+Extension.swift in Sources */ = {isa = PBXBuildFile; fileRef = 6F00FE8F2AF8BF0F000E1850 /* UINavigation+Extension.swift */; };
		6F00FE9E2AF8BF0F000E1850 /* Int+Extension.swift in Sources */ = {isa = PBXBuildFile; fileRef = 6F00FE902AF8BF0F000E1850 /* Int+Extension.swift */; };
		6F00FE9F2AF8BF0F000E1850 /* ViewProtocol+Extension.swift in Sources */ = {isa = PBXBuildFile; fileRef = 6F00FE912AF8BF0F000E1850 /* ViewProtocol+Extension.swift */; };
		6F00FEA02AF8BF0F000E1850 /* UITextField+Extension.swift in Sources */ = {isa = PBXBuildFile; fileRef = 6F00FE922AF8BF0F000E1850 /* UITextField+Extension.swift */; };
		6F00FEA12AF8BF0F000E1850 /* Optional+Extension.swift in Sources */ = {isa = PBXBuildFile; fileRef = 6F00FE932AF8BF0F000E1850 /* Optional+Extension.swift */; };
		6F00FEB22AF8BFD7000E1850 /* HomeViewController.swift in Sources */ = {isa = PBXBuildFile; fileRef = 6F00FEB02AF8BFD7000E1850 /* HomeViewController.swift */; };
		6F00FEB32AF8BFD7000E1850 /* HomeViewController.xib in Resources */ = {isa = PBXBuildFile; fileRef = 6F00FEB12AF8BFD7000E1850 /* HomeViewController.xib */; };
		6F00FEC82AF93A44000E1850 /* R.generated.swift in Sources */ = {isa = PBXBuildFile; fileRef = 6F00FEC72AF93A44000E1850 /* R.generated.swift */; };
		6F00FECA2AF93DB4000E1850 /* CAGradientLayer+Extension.swift in Sources */ = {isa = PBXBuildFile; fileRef = 6F00FEC92AF93DB4000E1850 /* CAGradientLayer+Extension.swift */; };
		6F00FECD2AF9485A000E1850 /* TutorialViewController.swift in Sources */ = {isa = PBXBuildFile; fileRef = 6F00FECB2AF9485A000E1850 /* TutorialViewController.swift */; };
		6F00FECE2AF9485A000E1850 /* TutorialViewController.xib in Resources */ = {isa = PBXBuildFile; fileRef = 6F00FECC2AF9485A000E1850 /* TutorialViewController.xib */; };
		6F0F42962B0D98C00033A983 /* StopCastViewController.swift in Sources */ = {isa = PBXBuildFile; fileRef = 6F0F42942B0D98C00033A983 /* StopCastViewController.swift */; };
		6F0F42972B0D98C00033A983 /* StopCastViewController.xib in Resources */ = {isa = PBXBuildFile; fileRef = 6F0F42952B0D98C00033A983 /* StopCastViewController.xib */; };
		6F0F429D2B0DF26E0033A983 /* AddAbumVideoViewController.swift in Sources */ = {isa = PBXBuildFile; fileRef = 6F0F429B2B0DF26E0033A983 /* AddAbumVideoViewController.swift */; };
		6F0F429E2B0DF26E0033A983 /* AddAbumVideoViewController.xib in Resources */ = {isa = PBXBuildFile; fileRef = 6F0F429C2B0DF26E0033A983 /* AddAbumVideoViewController.xib */; };
		6F1A3B282AF95CBC00606209 /* TutorialView.swift in Sources */ = {isa = PBXBuildFile; fileRef = 6F1A3B272AF95CBC00606209 /* TutorialView.swift */; };
		6F1A3B2A2AF95CD800606209 /* TutorialView.xib in Resources */ = {isa = PBXBuildFile; fileRef = 6F1A3B292AF95CD800606209 /* TutorialView.xib */; };
		6F1A3B2C2AF95D6500606209 /* BaseView.swift in Sources */ = {isa = PBXBuildFile; fileRef = 6F1A3B2B2AF95D6500606209 /* BaseView.swift */; };
		6F4D01E02AFA0A5A00EC292F /* SettingViewController.swift in Sources */ = {isa = PBXBuildFile; fileRef = 6F4D01DE2AFA0A5A00EC292F /* SettingViewController.swift */; };
		6F4D01E12AFA0A5A00EC292F /* SettingViewController.xib in Resources */ = {isa = PBXBuildFile; fileRef = 6F4D01DF2AFA0A5A00EC292F /* SettingViewController.xib */; };
		6F51C53D2AFC803B0032A696 /* VideoLibraryCollectionViewCell.swift in Sources */ = {isa = PBXBuildFile; fileRef = 6F51C53B2AFC803B0032A696 /* VideoLibraryCollectionViewCell.swift */; };
		6F51C53E2AFC803B0032A696 /* VideoLibraryCollectionViewCell.xib in Resources */ = {isa = PBXBuildFile; fileRef = 6F51C53C2AFC803B0032A696 /* VideoLibraryCollectionViewCell.xib */; };
		6F553BB02AFB7577004F67FF /* Inter-Black.ttf in Resources */ = {isa = PBXBuildFile; fileRef = 6F553BA72AFB7573004F67FF /* Inter-Black.ttf */; };
		6F553BB12AFB7577004F67FF /* Inter-Bold.ttf in Resources */ = {isa = PBXBuildFile; fileRef = 6F553BA82AFB7573004F67FF /* Inter-Bold.ttf */; };
		6F553BB22AFB7577004F67FF /* Inter-ExtraLight.ttf in Resources */ = {isa = PBXBuildFile; fileRef = 6F553BA92AFB7574004F67FF /* Inter-ExtraLight.ttf */; };
		6F553BB32AFB7577004F67FF /* Inter-Medium.ttf in Resources */ = {isa = PBXBuildFile; fileRef = 6F553BAA2AFB7574004F67FF /* Inter-Medium.ttf */; };
		6F553BB42AFB7577004F67FF /* Inter-ExtraBold.ttf in Resources */ = {isa = PBXBuildFile; fileRef = 6F553BAB2AFB7575004F67FF /* Inter-ExtraBold.ttf */; };
		6F553BB52AFB7577004F67FF /* Inter-Regular.ttf in Resources */ = {isa = PBXBuildFile; fileRef = 6F553BAC2AFB7575004F67FF /* Inter-Regular.ttf */; };
		6F553BB62AFB7577004F67FF /* Inter-Light.ttf in Resources */ = {isa = PBXBuildFile; fileRef = 6F553BAD2AFB7576004F67FF /* Inter-Light.ttf */; };
		6F553BB72AFB7577004F67FF /* Inter-Thin.ttf in Resources */ = {isa = PBXBuildFile; fileRef = 6F553BAE2AFB7576004F67FF /* Inter-Thin.ttf */; };
		6F553BB82AFB7577004F67FF /* Inter-SemiBold.ttf in Resources */ = {isa = PBXBuildFile; fileRef = 6F553BAF2AFB7577004F67FF /* Inter-SemiBold.ttf */; };
		6F553BC22AFB9ADB004F67FF /* ErrorMirroringViewController.swift in Sources */ = {isa = PBXBuildFile; fileRef = 6F553BC02AFB9ADB004F67FF /* ErrorMirroringViewController.swift */; };
		6F553BC32AFB9ADB004F67FF /* ErrorMirroringViewController.xib in Resources */ = {isa = PBXBuildFile; fileRef = 6F553BC12AFB9ADB004F67FF /* ErrorMirroringViewController.xib */; };
		6F553BC62AFBDFFC004F67FF /* PhotoPickerManager.swift in Sources */ = {isa = PBXBuildFile; fileRef = 6F553BC52AFBDFFC004F67FF /* PhotoPickerManager.swift */; };
		6F553BCA2AFBE02E004F67FF /* AirplayManager.swift in Sources */ = {isa = PBXBuildFile; fileRef = 6F553BC92AFBE02E004F67FF /* AirplayManager.swift */; };
		6F68657B2B0126EC004535DB /* UIImage+Extension.swift in Sources */ = {isa = PBXBuildFile; fileRef = 6F68657A2B0126EC004535DB /* UIImage+Extension.swift */; };
		6F91D17C2AFA28AA00C115A0 /* ConnectViewController.swift in Sources */ = {isa = PBXBuildFile; fileRef = 6F91D17A2AFA28AA00C115A0 /* ConnectViewController.swift */; };
		6F91D17D2AFA28AA00C115A0 /* ConnectViewController.xib in Resources */ = {isa = PBXBuildFile; fileRef = 6F91D17B2AFA28AA00C115A0 /* ConnectViewController.xib */; };
		6F91D1822AFA2AA700C115A0 /* AppConstant.swift in Sources */ = {isa = PBXBuildFile; fileRef = 6F91D1812AFA2AA700C115A0 /* AppConstant.swift */; };
		6F91D1862AFA2AB400C115A0 /* BaseViewController.swift in Sources */ = {isa = PBXBuildFile; fileRef = 6F91D1832AFA2AB400C115A0 /* BaseViewController.swift */; };
		6F91D1872AFA2AB400C115A0 /* BaseNavigateViewController.swift in Sources */ = {isa = PBXBuildFile; fileRef = 6F91D1842AFA2AB400C115A0 /* BaseNavigateViewController.swift */; };
		6F91D1882AFA2AB400C115A0 /* LoadingView.swift in Sources */ = {isa = PBXBuildFile; fileRef = 6F91D1852AFA2AB400C115A0 /* LoadingView.swift */; };
		6F91D18E2AFA2ABE00C115A0 /* ServiceConstant.swift in Sources */ = {isa = PBXBuildFile; fileRef = 6F91D1892AFA2ABE00C115A0 /* ServiceConstant.swift */; };
		6F91D18F2AFA2ABE00C115A0 /* BaseService.swift in Sources */ = {isa = PBXBuildFile; fileRef = 6F91D18A2AFA2ABE00C115A0 /* BaseService.swift */; };
		6F91D1902AFA2ABE00C115A0 /* Configs.swift in Sources */ = {isa = PBXBuildFile; fileRef = 6F91D18B2AFA2ABE00C115A0 /* Configs.swift */; };
		6F91D1912AFA2ABE00C115A0 /* Enviroment.swift in Sources */ = {isa = PBXBuildFile; fileRef = 6F91D18C2AFA2ABE00C115A0 /* Enviroment.swift */; };
		6F91D1922AFA2ABE00C115A0 /* ConfigurationBase.swift in Sources */ = {isa = PBXBuildFile; fileRef = 6F91D18D2AFA2ABE00C115A0 /* ConfigurationBase.swift */; };
		6F91D1982AFA3B2B00C115A0 /* MirroringTutorialViewController.swift in Sources */ = {isa = PBXBuildFile; fileRef = 6F91D1962AFA3B2B00C115A0 /* MirroringTutorialViewController.swift */; };
		6F91D1992AFA3B2B00C115A0 /* MirroringTutorialViewController.xib in Resources */ = {isa = PBXBuildFile; fileRef = 6F91D1972AFA3B2B00C115A0 /* MirroringTutorialViewController.xib */; };
		6F9B1C662AFB3E2E00DF584C /* MirroringStopViewController.swift in Sources */ = {isa = PBXBuildFile; fileRef = 6F9B1C642AFB3E2E00DF584C /* MirroringStopViewController.swift */; };
		6F9B1C672AFB3E2E00DF584C /* MirroringStopViewController.xib in Resources */ = {isa = PBXBuildFile; fileRef = 6F9B1C652AFB3E2E00DF584C /* MirroringStopViewController.xib */; };
		6F9B1C6B2AFB43D100DF584C /* VideoLibraryViewController.swift in Sources */ = {isa = PBXBuildFile; fileRef = 6F9B1C692AFB43D100DF584C /* VideoLibraryViewController.swift */; };
		6F9B1C6C2AFB43D100DF584C /* VideoLibraryViewController.xib in Resources */ = {isa = PBXBuildFile; fileRef = 6F9B1C6A2AFB43D100DF584C /* VideoLibraryViewController.xib */; };
		6FBD84682B052BF6002290DF /* VideoPlayerViewController.swift in Sources */ = {isa = PBXBuildFile; fileRef = 6FBD84662B052BF6002290DF /* VideoPlayerViewController.swift */; };
		6FBD84692B052BF6002290DF /* VideoPlayerViewController.xib in Resources */ = {isa = PBXBuildFile; fileRef = 6FBD84672B052BF6002290DF /* VideoPlayerViewController.xib */; };
		743E7ED92B0B56E800193B8C /* ExternalScreenViewController.xib in Resources */ = {isa = PBXBuildFile; fileRef = 743E7ED72B0B56E800193B8C /* ExternalScreenViewController.xib */; };
		743E7EDB2B0B56F800193B8C /* ExternalScreenViewController.swift in Sources */ = {isa = PBXBuildFile; fileRef = 743E7EDA2B0B56F800193B8C /* ExternalScreenViewController.swift */; };
		74D9BCC42B04A83100B4FC36 /* MoreRecentsViewController.swift in Sources */ = {isa = PBXBuildFile; fileRef = 74D9BCC22B04A83100B4FC36 /* MoreRecentsViewController.swift */; };
		74D9BCC52B04A83100B4FC36 /* MoreRecentsViewController.xib in Resources */ = {isa = PBXBuildFile; fileRef = 74D9BCC32B04A83100B4FC36 /* MoreRecentsViewController.xib */; };
		74FCD6532B01C793001348F9 /* AlbumModel.swift in Sources */ = {isa = PBXBuildFile; fileRef = 74FCD62A2B01C792001348F9 /* AlbumModel.swift */; };
		74FCD6542B01C793001348F9 /* SocialModel.swift in Sources */ = {isa = PBXBuildFile; fileRef = 74FCD62B2B01C792001348F9 /* SocialModel.swift */; };
		74FCD6552B01C793001348F9 /* PhotoCollectionViewCell.xib in Resources */ = {isa = PBXBuildFile; fileRef = 74FCD62E2B01C793001348F9 /* PhotoCollectionViewCell.xib */; };
		74FCD6562B01C793001348F9 /* PhotoCollectionViewCell.swift in Sources */ = {isa = PBXBuildFile; fileRef = 74FCD62F2B01C793001348F9 /* PhotoCollectionViewCell.swift */; };
		74FCD6572B01C793001348F9 /* AlbumsCollectionViewCell.xib in Resources */ = {isa = PBXBuildFile; fileRef = 74FCD6312B01C793001348F9 /* AlbumsCollectionViewCell.xib */; };
		74FCD6582B01C793001348F9 /* AlbumsCollectionViewCell.swift in Sources */ = {isa = PBXBuildFile; fileRef = 74FCD6322B01C793001348F9 /* AlbumsCollectionViewCell.swift */; };
		74FCD6592B01C793001348F9 /* IntroCollectionViewCell.swift in Sources */ = {isa = PBXBuildFile; fileRef = 74FCD6342B01C793001348F9 /* IntroCollectionViewCell.swift */; };
		74FCD65A2B01C793001348F9 /* IntroCollectionViewCell.xib in Resources */ = {isa = PBXBuildFile; fileRef = 74FCD6352B01C793001348F9 /* IntroCollectionViewCell.xib */; };
		74FCD65B2B01C793001348F9 /* SocialCollectionViewCell.swift in Sources */ = {isa = PBXBuildFile; fileRef = 74FCD6372B01C793001348F9 /* SocialCollectionViewCell.swift */; };
		74FCD65C2B01C793001348F9 /* SocialCollectionViewCell.xib in Resources */ = {isa = PBXBuildFile; fileRef = 74FCD6382B01C793001348F9 /* SocialCollectionViewCell.xib */; };
		74FCD65D2B01C793001348F9 /* HistorySearchTableViewCell.swift in Sources */ = {isa = PBXBuildFile; fileRef = 74FCD63B2B01C793001348F9 /* HistorySearchTableViewCell.swift */; };
		74FCD65E2B01C793001348F9 /* HistorySearchTableViewCell.xib in Resources */ = {isa = PBXBuildFile; fileRef = 74FCD63C2B01C793001348F9 /* HistorySearchTableViewCell.xib */; };
		74FCD65F2B01C793001348F9 /* BrowserTableViewCell.xib in Resources */ = {isa = PBXBuildFile; fileRef = 74FCD63E2B01C793001348F9 /* BrowserTableViewCell.xib */; };
		74FCD6602B01C793001348F9 /* BrowserTableViewCell.swift in Sources */ = {isa = PBXBuildFile; fileRef = 74FCD63F2B01C793001348F9 /* BrowserTableViewCell.swift */; };
		74FCD6612B01C793001348F9 /* SelectDeviceViewController.swift in Sources */ = {isa = PBXBuildFile; fileRef = 74FCD6422B01C793001348F9 /* SelectDeviceViewController.swift */; };
		74FCD6622B01C793001348F9 /* SelectDeviceViewController.xib in Resources */ = {isa = PBXBuildFile; fileRef = 74FCD6432B01C793001348F9 /* SelectDeviceViewController.xib */; };
		74FCD6632B01C793001348F9 /* KeyboardNotifier.swift in Sources */ = {isa = PBXBuildFile; fileRef = 74FCD6452B01C793001348F9 /* KeyboardNotifier.swift */; };
		74FCD6642B01C793001348F9 /* GradientButton.swift in Sources */ = {isa = PBXBuildFile; fileRef = 74FCD6472B01C793001348F9 /* GradientButton.swift */; };
		74FCD6662B01C793001348F9 /* EmptyLibraryView.xib in Resources */ = {isa = PBXBuildFile; fileRef = 74FCD64B2B01C793001348F9 /* EmptyLibraryView.xib */; };
		74FCD6672B01C793001348F9 /* EmptyLibraryView.swift in Sources */ = {isa = PBXBuildFile; fileRef = 74FCD64C2B01C793001348F9 /* EmptyLibraryView.swift */; };
		74FCD6682B01C793001348F9 /* ModalBottomView.xib in Resources */ = {isa = PBXBuildFile; fileRef = 74FCD64E2B01C793001348F9 /* ModalBottomView.xib */; };
		74FCD6692B01C793001348F9 /* ModalBottomView.swift in Sources */ = {isa = PBXBuildFile; fileRef = 74FCD64F2B01C793001348F9 /* ModalBottomView.swift */; };
		74FCD66A2B01C793001348F9 /* TutorialWithStepViewController.xib in Resources */ = {isa = PBXBuildFile; fileRef = 74FCD6512B01C793001348F9 /* TutorialWithStepViewController.xib */; };
		74FCD66B2B01C793001348F9 /* TutorialWithStepViewController.swift in Sources */ = {isa = PBXBuildFile; fileRef = 74FCD6522B01C793001348F9 /* TutorialWithStepViewController.swift */; };
		74FCD67B2B01C7B6001348F9 /* IntroViewController.swift in Sources */ = {isa = PBXBuildFile; fileRef = 74FCD66D2B01C7B5001348F9 /* IntroViewController.swift */; };
		74FCD67C2B01C7B6001348F9 /* IntroViewController.xib in Resources */ = {isa = PBXBuildFile; fileRef = 74FCD66E2B01C7B5001348F9 /* IntroViewController.xib */; };
		74FCD67D2B01C7B6001348F9 /* PhotoCastViewController.xib in Resources */ = {isa = PBXBuildFile; fileRef = 74FCD6702B01C7B5001348F9 /* PhotoCastViewController.xib */; };
		74FCD67E2B01C7B6001348F9 /* PhotoCastViewController.swift in Sources */ = {isa = PBXBuildFile; fileRef = 74FCD6712B01C7B5001348F9 /* PhotoCastViewController.swift */; };
		74FCD67F2B01C7B6001348F9 /* BrowserViewController.xib in Resources */ = {isa = PBXBuildFile; fileRef = 74FCD6732B01C7B5001348F9 /* BrowserViewController.xib */; };
		74FCD6802B01C7B6001348F9 /* BrowserViewController.swift in Sources */ = {isa = PBXBuildFile; fileRef = 74FCD6742B01C7B5001348F9 /* BrowserViewController.swift */; };
		74FCD6812B01C7B6001348F9 /* AlbumsViewController.xib in Resources */ = {isa = PBXBuildFile; fileRef = 74FCD6762B01C7B5001348F9 /* AlbumsViewController.xib */; };
		74FCD6822B01C7B6001348F9 /* AlbumsViewController.swift in Sources */ = {isa = PBXBuildFile; fileRef = 74FCD6772B01C7B5001348F9 /* AlbumsViewController.swift */; };
		74FCD6832B01C7B6001348F9 /* PhotoViewController.xib in Resources */ = {isa = PBXBuildFile; fileRef = 74FCD6792B01C7B6001348F9 /* PhotoViewController.xib */; };
		74FCD6842B01C7B6001348F9 /* PhotoViewController.swift in Sources */ = {isa = PBXBuildFile; fileRef = 74FCD67A2B01C7B6001348F9 /* PhotoViewController.swift */; };
		74FCD6872B01C903001348F9 /* UIBarButtonItem+Extension.swift in Sources */ = {isa = PBXBuildFile; fileRef = 74FCD6852B01C903001348F9 /* UIBarButtonItem+Extension.swift */; };
		74FCD6882B01C903001348F9 /* PHAssetCollection+Extension.swift in Sources */ = {isa = PBXBuildFile; fileRef = 74FCD6862B01C903001348F9 /* PHAssetCollection+Extension.swift */; };
		74FCD68A2B01C930001348F9 /* UIImageView+Extension.swift in Sources */ = {isa = PBXBuildFile; fileRef = 74FCD6892B01C930001348F9 /* UIImageView+Extension.swift */; };
		74FCD68C2B01D0BF001348F9 /* HistoryBrowserModel.swift in Sources */ = {isa = PBXBuildFile; fileRef = 74FCD68B2B01D0BF001348F9 /* HistoryBrowserModel.swift */; };
		74FCD6942B032FF0001348F9 /* Results+Extension.swift in Sources */ = {isa = PBXBuildFile; fileRef = 74FCD6932B032FF0001348F9 /* Results+Extension.swift */; };
/* End PBXBuildFile section */

/* Begin PBXFileReference section */
		6C037783B95398EC5B8F238A /* Pods_TVCAP.framework */ = {isa = PBXFileReference; explicitFileType = wrapper.framework; includeInIndex = 0; path = Pods_TVCAP.framework; sourceTree = BUILT_PRODUCTS_DIR; };
		6F00FE6B2AF8BE9E000E1850 /* TVCAP.app */ = {isa = PBXFileReference; explicitFileType = wrapper.application; includeInIndex = 0; path = TVCAP.app; sourceTree = BUILT_PRODUCTS_DIR; };
		6F00FE6E2AF8BE9E000E1850 /* AppDelegate.swift */ = {isa = PBXFileReference; lastKnownFileType = sourcecode.swift; path = AppDelegate.swift; sourceTree = "<group>"; };
		6F00FE702AF8BE9E000E1850 /* SceneDelegate.swift */ = {isa = PBXFileReference; lastKnownFileType = sourcecode.swift; path = SceneDelegate.swift; sourceTree = "<group>"; };
		6F00FE722AF8BE9E000E1850 /* ViewController.swift */ = {isa = PBXFileReference; lastKnownFileType = sourcecode.swift; path = ViewController.swift; sourceTree = "<group>"; };
		6F00FE782AF8BE9E000E1850 /* TVCAP.xcdatamodel */ = {isa = PBXFileReference; lastKnownFileType = wrapper.xcdatamodel; path = TVCAP.xcdatamodel; sourceTree = "<group>"; };
		6F00FE7A2AF8BE9F000E1850 /* Assets.xcassets */ = {isa = PBXFileReference; lastKnownFileType = folder.assetcatalog; path = Assets.xcassets; sourceTree = "<group>"; };
		6F00FE7D2AF8BE9F000E1850 /* Base */ = {isa = PBXFileReference; lastKnownFileType = file.storyboard; name = Base; path = Base.lproj/LaunchScreen.storyboard; sourceTree = "<group>"; };
		6F00FE7F2AF8BE9F000E1850 /* Info.plist */ = {isa = PBXFileReference; lastKnownFileType = text.plist.xml; path = Info.plist; sourceTree = "<group>"; };
		6F00FE862AF8BF0F000E1850 /* UIView+Extension.swift */ = {isa = PBXFileReference; fileEncoding = 4; lastKnownFileType = sourcecode.swift; path = "UIView+Extension.swift"; sourceTree = "<group>"; };
		6F00FE872AF8BF0F000E1850 /* UIColor+Extension.swift */ = {isa = PBXFileReference; fileEncoding = 4; lastKnownFileType = sourcecode.swift; path = "UIColor+Extension.swift"; sourceTree = "<group>"; };
		6F00FE882AF8BF0F000E1850 /* UITextView+Extension.swift */ = {isa = PBXFileReference; fileEncoding = 4; lastKnownFileType = sourcecode.swift; path = "UITextView+Extension.swift"; sourceTree = "<group>"; };
		6F00FE892AF8BF0F000E1850 /* UIFont+Extension.swift */ = {isa = PBXFileReference; fileEncoding = 4; lastKnownFileType = sourcecode.swift; path = "UIFont+Extension.swift"; sourceTree = "<group>"; };
		6F00FE8A2AF8BF0F000E1850 /* UIViewController+Extension.swift */ = {isa = PBXFileReference; fileEncoding = 4; lastKnownFileType = sourcecode.swift; path = "UIViewController+Extension.swift"; sourceTree = "<group>"; };
		6F00FE8B2AF8BF0F000E1850 /* NSAttributedString+Extension.swift */ = {isa = PBXFileReference; fileEncoding = 4; lastKnownFileType = sourcecode.swift; path = "NSAttributedString+Extension.swift"; sourceTree = "<group>"; };
		6F00FE8C2AF8BF0F000E1850 /* UITableView+Extension.swift */ = {isa = PBXFileReference; fileEncoding = 4; lastKnownFileType = sourcecode.swift; path = "UITableView+Extension.swift"; sourceTree = "<group>"; };
		6F00FE8D2AF8BF0F000E1850 /* String+Extension.swift */ = {isa = PBXFileReference; fileEncoding = 4; lastKnownFileType = sourcecode.swift; path = "String+Extension.swift"; sourceTree = "<group>"; };
		6F00FE8E2AF8BF0F000E1850 /* UICollectionView+Extension.swift */ = {isa = PBXFileReference; fileEncoding = 4; lastKnownFileType = sourcecode.swift; path = "UICollectionView+Extension.swift"; sourceTree = "<group>"; };
		6F00FE8F2AF8BF0F000E1850 /* UINavigation+Extension.swift */ = {isa = PBXFileReference; fileEncoding = 4; lastKnownFileType = sourcecode.swift; path = "UINavigation+Extension.swift"; sourceTree = "<group>"; };
		6F00FE902AF8BF0F000E1850 /* Int+Extension.swift */ = {isa = PBXFileReference; fileEncoding = 4; lastKnownFileType = sourcecode.swift; path = "Int+Extension.swift"; sourceTree = "<group>"; };
		6F00FE912AF8BF0F000E1850 /* ViewProtocol+Extension.swift */ = {isa = PBXFileReference; fileEncoding = 4; lastKnownFileType = sourcecode.swift; path = "ViewProtocol+Extension.swift"; sourceTree = "<group>"; };
		6F00FE922AF8BF0F000E1850 /* UITextField+Extension.swift */ = {isa = PBXFileReference; fileEncoding = 4; lastKnownFileType = sourcecode.swift; path = "UITextField+Extension.swift"; sourceTree = "<group>"; };
		6F00FE932AF8BF0F000E1850 /* Optional+Extension.swift */ = {isa = PBXFileReference; fileEncoding = 4; lastKnownFileType = sourcecode.swift; path = "Optional+Extension.swift"; sourceTree = "<group>"; };
		6F00FEB02AF8BFD7000E1850 /* HomeViewController.swift */ = {isa = PBXFileReference; lastKnownFileType = sourcecode.swift; path = HomeViewController.swift; sourceTree = "<group>"; };
		6F00FEB12AF8BFD7000E1850 /* HomeViewController.xib */ = {isa = PBXFileReference; lastKnownFileType = file.xib; path = HomeViewController.xib; sourceTree = "<group>"; };
		6F00FEC72AF93A44000E1850 /* R.generated.swift */ = {isa = PBXFileReference; fileEncoding = 4; lastKnownFileType = sourcecode.swift; path = R.generated.swift; sourceTree = "<group>"; };
		6F00FEC92AF93DB4000E1850 /* CAGradientLayer+Extension.swift */ = {isa = PBXFileReference; lastKnownFileType = sourcecode.swift; path = "CAGradientLayer+Extension.swift"; sourceTree = "<group>"; };
		6F00FECB2AF9485A000E1850 /* TutorialViewController.swift */ = {isa = PBXFileReference; lastKnownFileType = sourcecode.swift; path = TutorialViewController.swift; sourceTree = "<group>"; };
		6F00FECC2AF9485A000E1850 /* TutorialViewController.xib */ = {isa = PBXFileReference; lastKnownFileType = file.xib; path = TutorialViewController.xib; sourceTree = "<group>"; };
		6F0F42942B0D98C00033A983 /* StopCastViewController.swift */ = {isa = PBXFileReference; lastKnownFileType = sourcecode.swift; path = StopCastViewController.swift; sourceTree = "<group>"; };
		6F0F42952B0D98C00033A983 /* StopCastViewController.xib */ = {isa = PBXFileReference; lastKnownFileType = file.xib; path = StopCastViewController.xib; sourceTree = "<group>"; };
		6F0F429B2B0DF26E0033A983 /* AddAbumVideoViewController.swift */ = {isa = PBXFileReference; lastKnownFileType = sourcecode.swift; path = AddAbumVideoViewController.swift; sourceTree = "<group>"; };
		6F0F429C2B0DF26E0033A983 /* AddAbumVideoViewController.xib */ = {isa = PBXFileReference; lastKnownFileType = file.xib; path = AddAbumVideoViewController.xib; sourceTree = "<group>"; };
		6F1A3B272AF95CBC00606209 /* TutorialView.swift */ = {isa = PBXFileReference; lastKnownFileType = sourcecode.swift; path = TutorialView.swift; sourceTree = "<group>"; };
		6F1A3B292AF95CD800606209 /* TutorialView.xib */ = {isa = PBXFileReference; lastKnownFileType = file.xib; path = TutorialView.xib; sourceTree = "<group>"; };
		6F1A3B2B2AF95D6500606209 /* BaseView.swift */ = {isa = PBXFileReference; fileEncoding = 4; lastKnownFileType = sourcecode.swift; path = BaseView.swift; sourceTree = "<group>"; };
		6F4D01DE2AFA0A5A00EC292F /* SettingViewController.swift */ = {isa = PBXFileReference; lastKnownFileType = sourcecode.swift; path = SettingViewController.swift; sourceTree = "<group>"; };
		6F4D01DF2AFA0A5A00EC292F /* SettingViewController.xib */ = {isa = PBXFileReference; lastKnownFileType = file.xib; path = SettingViewController.xib; sourceTree = "<group>"; };
		6F51C53B2AFC803B0032A696 /* VideoLibraryCollectionViewCell.swift */ = {isa = PBXFileReference; lastKnownFileType = sourcecode.swift; path = VideoLibraryCollectionViewCell.swift; sourceTree = "<group>"; };
		6F51C53C2AFC803B0032A696 /* VideoLibraryCollectionViewCell.xib */ = {isa = PBXFileReference; lastKnownFileType = file.xib; path = VideoLibraryCollectionViewCell.xib; sourceTree = "<group>"; };
		6F553BA72AFB7573004F67FF /* Inter-Black.ttf */ = {isa = PBXFileReference; lastKnownFileType = file; path = "Inter-Black.ttf"; sourceTree = "<group>"; };
		6F553BA82AFB7573004F67FF /* Inter-Bold.ttf */ = {isa = PBXFileReference; lastKnownFileType = file; path = "Inter-Bold.ttf"; sourceTree = "<group>"; };
		6F553BA92AFB7574004F67FF /* Inter-ExtraLight.ttf */ = {isa = PBXFileReference; lastKnownFileType = file; path = "Inter-ExtraLight.ttf"; sourceTree = "<group>"; };
		6F553BAA2AFB7574004F67FF /* Inter-Medium.ttf */ = {isa = PBXFileReference; lastKnownFileType = file; path = "Inter-Medium.ttf"; sourceTree = "<group>"; };
		6F553BAB2AFB7575004F67FF /* Inter-ExtraBold.ttf */ = {isa = PBXFileReference; lastKnownFileType = file; path = "Inter-ExtraBold.ttf"; sourceTree = "<group>"; };
		6F553BAC2AFB7575004F67FF /* Inter-Regular.ttf */ = {isa = PBXFileReference; lastKnownFileType = file; path = "Inter-Regular.ttf"; sourceTree = "<group>"; };
		6F553BAD2AFB7576004F67FF /* Inter-Light.ttf */ = {isa = PBXFileReference; lastKnownFileType = file; path = "Inter-Light.ttf"; sourceTree = "<group>"; };
		6F553BAE2AFB7576004F67FF /* Inter-Thin.ttf */ = {isa = PBXFileReference; lastKnownFileType = file; path = "Inter-Thin.ttf"; sourceTree = "<group>"; };
		6F553BAF2AFB7577004F67FF /* Inter-SemiBold.ttf */ = {isa = PBXFileReference; lastKnownFileType = file; path = "Inter-SemiBold.ttf"; sourceTree = "<group>"; };
		6F553BC02AFB9ADB004F67FF /* ErrorMirroringViewController.swift */ = {isa = PBXFileReference; lastKnownFileType = sourcecode.swift; path = ErrorMirroringViewController.swift; sourceTree = "<group>"; };
		6F553BC12AFB9ADB004F67FF /* ErrorMirroringViewController.xib */ = {isa = PBXFileReference; lastKnownFileType = file.xib; path = ErrorMirroringViewController.xib; sourceTree = "<group>"; };
		6F553BC52AFBDFFC004F67FF /* PhotoPickerManager.swift */ = {isa = PBXFileReference; fileEncoding = 4; lastKnownFileType = sourcecode.swift; path = PhotoPickerManager.swift; sourceTree = "<group>"; };
		6F553BC92AFBE02E004F67FF /* AirplayManager.swift */ = {isa = PBXFileReference; lastKnownFileType = sourcecode.swift; path = AirplayManager.swift; sourceTree = "<group>"; };
		6F68657A2B0126EC004535DB /* UIImage+Extension.swift */ = {isa = PBXFileReference; lastKnownFileType = sourcecode.swift; path = "UIImage+Extension.swift"; sourceTree = "<group>"; };
		6F91D17A2AFA28AA00C115A0 /* ConnectViewController.swift */ = {isa = PBXFileReference; lastKnownFileType = sourcecode.swift; path = ConnectViewController.swift; sourceTree = "<group>"; };
		6F91D17B2AFA28AA00C115A0 /* ConnectViewController.xib */ = {isa = PBXFileReference; lastKnownFileType = file.xib; path = ConnectViewController.xib; sourceTree = "<group>"; };
		6F91D1812AFA2AA700C115A0 /* AppConstant.swift */ = {isa = PBXFileReference; fileEncoding = 4; lastKnownFileType = sourcecode.swift; path = AppConstant.swift; sourceTree = "<group>"; };
		6F91D1832AFA2AB400C115A0 /* BaseViewController.swift */ = {isa = PBXFileReference; fileEncoding = 4; lastKnownFileType = sourcecode.swift; path = BaseViewController.swift; sourceTree = "<group>"; };
		6F91D1842AFA2AB400C115A0 /* BaseNavigateViewController.swift */ = {isa = PBXFileReference; fileEncoding = 4; lastKnownFileType = sourcecode.swift; path = BaseNavigateViewController.swift; sourceTree = "<group>"; };
		6F91D1852AFA2AB400C115A0 /* LoadingView.swift */ = {isa = PBXFileReference; fileEncoding = 4; lastKnownFileType = sourcecode.swift; path = LoadingView.swift; sourceTree = "<group>"; };
		6F91D1892AFA2ABE00C115A0 /* ServiceConstant.swift */ = {isa = PBXFileReference; fileEncoding = 4; lastKnownFileType = sourcecode.swift; path = ServiceConstant.swift; sourceTree = "<group>"; };
		6F91D18A2AFA2ABE00C115A0 /* BaseService.swift */ = {isa = PBXFileReference; fileEncoding = 4; lastKnownFileType = sourcecode.swift; path = BaseService.swift; sourceTree = "<group>"; };
		6F91D18B2AFA2ABE00C115A0 /* Configs.swift */ = {isa = PBXFileReference; fileEncoding = 4; lastKnownFileType = sourcecode.swift; path = Configs.swift; sourceTree = "<group>"; };
		6F91D18C2AFA2ABE00C115A0 /* Enviroment.swift */ = {isa = PBXFileReference; fileEncoding = 4; lastKnownFileType = sourcecode.swift; path = Enviroment.swift; sourceTree = "<group>"; };
		6F91D18D2AFA2ABE00C115A0 /* ConfigurationBase.swift */ = {isa = PBXFileReference; fileEncoding = 4; lastKnownFileType = sourcecode.swift; path = ConfigurationBase.swift; sourceTree = "<group>"; };
		6F91D1962AFA3B2B00C115A0 /* MirroringTutorialViewController.swift */ = {isa = PBXFileReference; lastKnownFileType = sourcecode.swift; path = MirroringTutorialViewController.swift; sourceTree = "<group>"; };
		6F91D1972AFA3B2B00C115A0 /* MirroringTutorialViewController.xib */ = {isa = PBXFileReference; lastKnownFileType = file.xib; path = MirroringTutorialViewController.xib; sourceTree = "<group>"; };
		6F9B1C642AFB3E2E00DF584C /* MirroringStopViewController.swift */ = {isa = PBXFileReference; lastKnownFileType = sourcecode.swift; path = MirroringStopViewController.swift; sourceTree = "<group>"; };
		6F9B1C652AFB3E2E00DF584C /* MirroringStopViewController.xib */ = {isa = PBXFileReference; lastKnownFileType = file.xib; path = MirroringStopViewController.xib; sourceTree = "<group>"; };
		6F9B1C692AFB43D100DF584C /* VideoLibraryViewController.swift */ = {isa = PBXFileReference; lastKnownFileType = sourcecode.swift; path = VideoLibraryViewController.swift; sourceTree = "<group>"; };
		6F9B1C6A2AFB43D100DF584C /* VideoLibraryViewController.xib */ = {isa = PBXFileReference; lastKnownFileType = file.xib; path = VideoLibraryViewController.xib; sourceTree = "<group>"; };
		6FBD84662B052BF6002290DF /* VideoPlayerViewController.swift */ = {isa = PBXFileReference; lastKnownFileType = sourcecode.swift; path = VideoPlayerViewController.swift; sourceTree = "<group>"; };
		6FBD84672B052BF6002290DF /* VideoPlayerViewController.xib */ = {isa = PBXFileReference; lastKnownFileType = file.xib; path = VideoPlayerViewController.xib; sourceTree = "<group>"; };
		743E7ED72B0B56E800193B8C /* ExternalScreenViewController.xib */ = {isa = PBXFileReference; lastKnownFileType = file.xib; path = ExternalScreenViewController.xib; sourceTree = "<group>"; };
		743E7EDA2B0B56F800193B8C /* ExternalScreenViewController.swift */ = {isa = PBXFileReference; lastKnownFileType = sourcecode.swift; path = ExternalScreenViewController.swift; sourceTree = "<group>"; };
		74D9BCC22B04A83100B4FC36 /* MoreRecentsViewController.swift */ = {isa = PBXFileReference; lastKnownFileType = sourcecode.swift; path = MoreRecentsViewController.swift; sourceTree = "<group>"; };
		74D9BCC32B04A83100B4FC36 /* MoreRecentsViewController.xib */ = {isa = PBXFileReference; lastKnownFileType = file.xib; path = MoreRecentsViewController.xib; sourceTree = "<group>"; };
		74FCD62A2B01C792001348F9 /* AlbumModel.swift */ = {isa = PBXFileReference; fileEncoding = 4; lastKnownFileType = sourcecode.swift; path = AlbumModel.swift; sourceTree = "<group>"; };
		74FCD62B2B01C792001348F9 /* SocialModel.swift */ = {isa = PBXFileReference; fileEncoding = 4; lastKnownFileType = sourcecode.swift; path = SocialModel.swift; sourceTree = "<group>"; };
		74FCD62E2B01C793001348F9 /* PhotoCollectionViewCell.xib */ = {isa = PBXFileReference; fileEncoding = 4; lastKnownFileType = file.xib; path = PhotoCollectionViewCell.xib; sourceTree = "<group>"; };
		74FCD62F2B01C793001348F9 /* PhotoCollectionViewCell.swift */ = {isa = PBXFileReference; fileEncoding = 4; lastKnownFileType = sourcecode.swift; path = PhotoCollectionViewCell.swift; sourceTree = "<group>"; };
		74FCD6312B01C793001348F9 /* AlbumsCollectionViewCell.xib */ = {isa = PBXFileReference; fileEncoding = 4; lastKnownFileType = file.xib; path = AlbumsCollectionViewCell.xib; sourceTree = "<group>"; };
		74FCD6322B01C793001348F9 /* AlbumsCollectionViewCell.swift */ = {isa = PBXFileReference; fileEncoding = 4; lastKnownFileType = sourcecode.swift; path = AlbumsCollectionViewCell.swift; sourceTree = "<group>"; };
		74FCD6342B01C793001348F9 /* IntroCollectionViewCell.swift */ = {isa = PBXFileReference; fileEncoding = 4; lastKnownFileType = sourcecode.swift; path = IntroCollectionViewCell.swift; sourceTree = "<group>"; };
		74FCD6352B01C793001348F9 /* IntroCollectionViewCell.xib */ = {isa = PBXFileReference; fileEncoding = 4; lastKnownFileType = file.xib; path = IntroCollectionViewCell.xib; sourceTree = "<group>"; };
		74FCD6372B01C793001348F9 /* SocialCollectionViewCell.swift */ = {isa = PBXFileReference; fileEncoding = 4; lastKnownFileType = sourcecode.swift; path = SocialCollectionViewCell.swift; sourceTree = "<group>"; };
		74FCD6382B01C793001348F9 /* SocialCollectionViewCell.xib */ = {isa = PBXFileReference; fileEncoding = 4; lastKnownFileType = file.xib; path = SocialCollectionViewCell.xib; sourceTree = "<group>"; };
		74FCD63B2B01C793001348F9 /* HistorySearchTableViewCell.swift */ = {isa = PBXFileReference; fileEncoding = 4; lastKnownFileType = sourcecode.swift; path = HistorySearchTableViewCell.swift; sourceTree = "<group>"; };
		74FCD63C2B01C793001348F9 /* HistorySearchTableViewCell.xib */ = {isa = PBXFileReference; fileEncoding = 4; lastKnownFileType = file.xib; path = HistorySearchTableViewCell.xib; sourceTree = "<group>"; };
		74FCD63E2B01C793001348F9 /* BrowserTableViewCell.xib */ = {isa = PBXFileReference; fileEncoding = 4; lastKnownFileType = file.xib; path = BrowserTableViewCell.xib; sourceTree = "<group>"; };
		74FCD63F2B01C793001348F9 /* BrowserTableViewCell.swift */ = {isa = PBXFileReference; fileEncoding = 4; lastKnownFileType = sourcecode.swift; path = BrowserTableViewCell.swift; sourceTree = "<group>"; };
		74FCD6422B01C793001348F9 /* SelectDeviceViewController.swift */ = {isa = PBXFileReference; fileEncoding = 4; lastKnownFileType = sourcecode.swift; path = SelectDeviceViewController.swift; sourceTree = "<group>"; };
		74FCD6432B01C793001348F9 /* SelectDeviceViewController.xib */ = {isa = PBXFileReference; fileEncoding = 4; lastKnownFileType = file.xib; path = SelectDeviceViewController.xib; sourceTree = "<group>"; };
		74FCD6452B01C793001348F9 /* KeyboardNotifier.swift */ = {isa = PBXFileReference; fileEncoding = 4; lastKnownFileType = sourcecode.swift; path = KeyboardNotifier.swift; sourceTree = "<group>"; };
		74FCD6472B01C793001348F9 /* GradientButton.swift */ = {isa = PBXFileReference; fileEncoding = 4; lastKnownFileType = sourcecode.swift; path = GradientButton.swift; sourceTree = "<group>"; };
		74FCD64B2B01C793001348F9 /* EmptyLibraryView.xib */ = {isa = PBXFileReference; fileEncoding = 4; lastKnownFileType = file.xib; path = EmptyLibraryView.xib; sourceTree = "<group>"; };
		74FCD64C2B01C793001348F9 /* EmptyLibraryView.swift */ = {isa = PBXFileReference; fileEncoding = 4; lastKnownFileType = sourcecode.swift; path = EmptyLibraryView.swift; sourceTree = "<group>"; };
		74FCD64E2B01C793001348F9 /* ModalBottomView.xib */ = {isa = PBXFileReference; fileEncoding = 4; lastKnownFileType = file.xib; path = ModalBottomView.xib; sourceTree = "<group>"; };
		74FCD64F2B01C793001348F9 /* ModalBottomView.swift */ = {isa = PBXFileReference; fileEncoding = 4; lastKnownFileType = sourcecode.swift; path = ModalBottomView.swift; sourceTree = "<group>"; };
		74FCD6512B01C793001348F9 /* TutorialWithStepViewController.xib */ = {isa = PBXFileReference; fileEncoding = 4; lastKnownFileType = file.xib; path = TutorialWithStepViewController.xib; sourceTree = "<group>"; };
		74FCD6522B01C793001348F9 /* TutorialWithStepViewController.swift */ = {isa = PBXFileReference; fileEncoding = 4; lastKnownFileType = sourcecode.swift; path = TutorialWithStepViewController.swift; sourceTree = "<group>"; };
		74FCD66D2B01C7B5001348F9 /* IntroViewController.swift */ = {isa = PBXFileReference; fileEncoding = 4; lastKnownFileType = sourcecode.swift; path = IntroViewController.swift; sourceTree = "<group>"; };
		74FCD66E2B01C7B5001348F9 /* IntroViewController.xib */ = {isa = PBXFileReference; fileEncoding = 4; lastKnownFileType = file.xib; path = IntroViewController.xib; sourceTree = "<group>"; };
		74FCD6702B01C7B5001348F9 /* PhotoCastViewController.xib */ = {isa = PBXFileReference; fileEncoding = 4; lastKnownFileType = file.xib; path = PhotoCastViewController.xib; sourceTree = "<group>"; };
		74FCD6712B01C7B5001348F9 /* PhotoCastViewController.swift */ = {isa = PBXFileReference; fileEncoding = 4; lastKnownFileType = sourcecode.swift; path = PhotoCastViewController.swift; sourceTree = "<group>"; };
		74FCD6732B01C7B5001348F9 /* BrowserViewController.xib */ = {isa = PBXFileReference; fileEncoding = 4; lastKnownFileType = file.xib; path = BrowserViewController.xib; sourceTree = "<group>"; };
		74FCD6742B01C7B5001348F9 /* BrowserViewController.swift */ = {isa = PBXFileReference; fileEncoding = 4; lastKnownFileType = sourcecode.swift; path = BrowserViewController.swift; sourceTree = "<group>"; };
		74FCD6762B01C7B5001348F9 /* AlbumsViewController.xib */ = {isa = PBXFileReference; fileEncoding = 4; lastKnownFileType = file.xib; path = AlbumsViewController.xib; sourceTree = "<group>"; };
		74FCD6772B01C7B5001348F9 /* AlbumsViewController.swift */ = {isa = PBXFileReference; fileEncoding = 4; lastKnownFileType = sourcecode.swift; path = AlbumsViewController.swift; sourceTree = "<group>"; };
		74FCD6792B01C7B6001348F9 /* PhotoViewController.xib */ = {isa = PBXFileReference; fileEncoding = 4; lastKnownFileType = file.xib; path = PhotoViewController.xib; sourceTree = "<group>"; };
		74FCD67A2B01C7B6001348F9 /* PhotoViewController.swift */ = {isa = PBXFileReference; fileEncoding = 4; lastKnownFileType = sourcecode.swift; path = PhotoViewController.swift; sourceTree = "<group>"; };
		74FCD6852B01C903001348F9 /* UIBarButtonItem+Extension.swift */ = {isa = PBXFileReference; fileEncoding = 4; lastKnownFileType = sourcecode.swift; path = "UIBarButtonItem+Extension.swift"; sourceTree = "<group>"; };
		74FCD6862B01C903001348F9 /* PHAssetCollection+Extension.swift */ = {isa = PBXFileReference; fileEncoding = 4; lastKnownFileType = sourcecode.swift; path = "PHAssetCollection+Extension.swift"; sourceTree = "<group>"; };
		74FCD6892B01C930001348F9 /* UIImageView+Extension.swift */ = {isa = PBXFileReference; fileEncoding = 4; lastKnownFileType = sourcecode.swift; path = "UIImageView+Extension.swift"; sourceTree = "<group>"; };
		74FCD68B2B01D0BF001348F9 /* HistoryBrowserModel.swift */ = {isa = PBXFileReference; lastKnownFileType = sourcecode.swift; path = HistoryBrowserModel.swift; sourceTree = "<group>"; };
		74FCD6932B032FF0001348F9 /* Results+Extension.swift */ = {isa = PBXFileReference; lastKnownFileType = sourcecode.swift; path = "Results+Extension.swift"; sourceTree = "<group>"; };
		9E998E8BBF29FBA5A1BD86E2 /* Pods-TVCAP.debug.xcconfig */ = {isa = PBXFileReference; includeInIndex = 1; lastKnownFileType = text.xcconfig; name = "Pods-TVCAP.debug.xcconfig"; path = "Target Support Files/Pods-TVCAP/Pods-TVCAP.debug.xcconfig"; sourceTree = "<group>"; };
		E26333E186666BBF1EDB365B /* Pods-TVCAP.release.xcconfig */ = {isa = PBXFileReference; includeInIndex = 1; lastKnownFileType = text.xcconfig; name = "Pods-TVCAP.release.xcconfig"; path = "Target Support Files/Pods-TVCAP/Pods-TVCAP.release.xcconfig"; sourceTree = "<group>"; };
/* End PBXFileReference section */

/* Begin PBXFrameworksBuildPhase section */
		6F00FE682AF8BE9E000E1850 /* Frameworks */ = {
			isa = PBXFrameworksBuildPhase;
			buildActionMask = 2147483647;
			files = (
				19E86F0C408DC866CD1139B8 /* Pods_TVCAP.framework in Frameworks */,
			);
			runOnlyForDeploymentPostprocessing = 0;
		};
/* End PBXFrameworksBuildPhase section */

/* Begin PBXGroup section */
		5FE2362B072FDF503FFD8FDB /* Frameworks */ = {
			isa = PBXGroup;
			children = (
				6C037783B95398EC5B8F238A /* Pods_TVCAP.framework */,
			);
			name = Frameworks;
			sourceTree = "<group>";
		};
		6AE2DC05282E88A9491F6C33 /* Pods */ = {
			isa = PBXGroup;
			children = (
				9E998E8BBF29FBA5A1BD86E2 /* Pods-TVCAP.debug.xcconfig */,
				E26333E186666BBF1EDB365B /* Pods-TVCAP.release.xcconfig */,
			);
			path = Pods;
			sourceTree = "<group>";
		};
		6F00FE622AF8BE9E000E1850 = {
			isa = PBXGroup;
			children = (
				6F00FEC72AF93A44000E1850 /* R.generated.swift */,
				6F00FE6D2AF8BE9E000E1850 /* TVCAP */,
				6F00FE6C2AF8BE9E000E1850 /* Products */,
				6AE2DC05282E88A9491F6C33 /* Pods */,
				5FE2362B072FDF503FFD8FDB /* Frameworks */,
			);
			sourceTree = "<group>";
		};
		6F00FE6C2AF8BE9E000E1850 /* Products */ = {
			isa = PBXGroup;
			children = (
				6F00FE6B2AF8BE9E000E1850 /* TVCAP.app */,
			);
			name = Products;
			sourceTree = "<group>";
		};
		6F00FE6D2AF8BE9E000E1850 /* TVCAP */ = {
			isa = PBXGroup;
			children = (
				74FCD6402B01C793001348F9 /* Base */,
				74FCD62C2B01C793001348F9 /* CollectionViewCell */,
				74FCD6292B01C792001348F9 /* Model */,
				74FCD6392B01C793001348F9 /* TableViewCell */,
				6F553BC42AFBDFEB004F67FF /* Managers */,
				6F1A3B2D2AF95D6E00606209 /* Common */,
				6F00FEAE2AF8BFAD000E1850 /* Screens */,
				6F5E64422AFB637700B31692 /* Fonts */,
				6F00FE852AF8BECB000E1850 /* Extension */,
				6F00FE6E2AF8BE9E000E1850 /* AppDelegate.swift */,
				6F00FE702AF8BE9E000E1850 /* SceneDelegate.swift */,
				6F00FE722AF8BE9E000E1850 /* ViewController.swift */,
				6F00FE7A2AF8BE9F000E1850 /* Assets.xcassets */,
				6F00FE7C2AF8BE9F000E1850 /* LaunchScreen.storyboard */,
				6F00FE7F2AF8BE9F000E1850 /* Info.plist */,
				6F00FE772AF8BE9E000E1850 /* TVCAP.xcdatamodeld */,
			);
			path = TVCAP;
			sourceTree = "<group>";
		};
		6F00FE852AF8BECB000E1850 /* Extension */ = {
			isa = PBXGroup;
			children = (
				74FCD6892B01C930001348F9 /* UIImageView+Extension.swift */,
				74FCD6862B01C903001348F9 /* PHAssetCollection+Extension.swift */,
				74FCD6852B01C903001348F9 /* UIBarButtonItem+Extension.swift */,
				6F00FE902AF8BF0F000E1850 /* Int+Extension.swift */,
				6F00FE8B2AF8BF0F000E1850 /* NSAttributedString+Extension.swift */,
				6F00FE932AF8BF0F000E1850 /* Optional+Extension.swift */,
				6F00FE8D2AF8BF0F000E1850 /* String+Extension.swift */,
				6F00FE8E2AF8BF0F000E1850 /* UICollectionView+Extension.swift */,
				6F00FE872AF8BF0F000E1850 /* UIColor+Extension.swift */,
				6F00FE892AF8BF0F000E1850 /* UIFont+Extension.swift */,
				6F00FE8F2AF8BF0F000E1850 /* UINavigation+Extension.swift */,
				6F00FE8C2AF8BF0F000E1850 /* UITableView+Extension.swift */,
				6F00FE922AF8BF0F000E1850 /* UITextField+Extension.swift */,
				6F00FE882AF8BF0F000E1850 /* UITextView+Extension.swift */,
				6F00FE862AF8BF0F000E1850 /* UIView+Extension.swift */,
				6F00FE8A2AF8BF0F000E1850 /* UIViewController+Extension.swift */,
				6F00FE912AF8BF0F000E1850 /* ViewProtocol+Extension.swift */,
				6F00FEC92AF93DB4000E1850 /* CAGradientLayer+Extension.swift */,
				6F68657A2B0126EC004535DB /* UIImage+Extension.swift */,
				74FCD6932B032FF0001348F9 /* Results+Extension.swift */,
			);
			path = Extension;
			sourceTree = "<group>";
		};
		6F00FEAE2AF8BFAD000E1850 /* Screens */ = {
			isa = PBXGroup;
			children = (
				7419B4EC2B0B3B360097DE9D /* ExternalScreenViewController */,
				74D9BCC12B04A80700B4FC36 /* MoreRecentViewController */,
				74FCD6752B01C7B5001348F9 /* AlbumsViewController */,
				74FCD6722B01C7B5001348F9 /* BrowserViewController */,
				74FCD66C2B01C7B5001348F9 /* Intro */,
				74FCD66F2B01C7B5001348F9 /* PhotoCastViewController */,
				74FCD6782B01C7B6001348F9 /* PhotoViewController */,
				6F0F42992B0DF2290033A983 /* AbumVideo */,
				6FBD84702B0546DB002290DF /* Video */,
				6F00FEAF2AF8BFC8000E1850 /* Home */,
			);
			path = Screens;
			sourceTree = "<group>";
		};
		6F00FEAF2AF8BFC8000E1850 /* Home */ = {
			isa = PBXGroup;
			children = (
				6F91D1952AFA3AFC00C115A0 /* ErrorStartMirroring */,
				6F91D1942AFA3AE500C115A0 /* SuccesStartMirroring */,
				6F91D1792AFA288300C115A0 /* Connect */,
				6F4D01DD2AF9FBAC00EC292F /* Setting */,
				6F00FEBF2AF8E6CB000E1850 /* Present */,
				6F00FEB02AF8BFD7000E1850 /* HomeViewController.swift */,
				6F00FEB12AF8BFD7000E1850 /* HomeViewController.xib */,
			);
			path = Home;
			sourceTree = "<group>";
		};
		6F00FEBF2AF8E6CB000E1850 /* Present */ = {
			isa = PBXGroup;
			children = (
				6F1A3B262AF95CAB00606209 /* Item */,
				6F00FECB2AF9485A000E1850 /* TutorialViewController.swift */,
				6F00FECC2AF9485A000E1850 /* TutorialViewController.xib */,
			);
			path = Present;
			sourceTree = "<group>";
		};
		6F0F42982B0DA3170033A983 /* ViewPresent */ = {
			isa = PBXGroup;
			children = (
				6F0F42942B0D98C00033A983 /* StopCastViewController.swift */,
				6F0F42952B0D98C00033A983 /* StopCastViewController.xib */,
			);
			path = ViewPresent;
			sourceTree = "<group>";
		};
		6F0F42992B0DF2290033A983 /* AbumVideo */ = {
			isa = PBXGroup;
			children = (
				6F0F429A2B0DF2400033A983 /* NoAbum */,
			);
			path = AbumVideo;
			sourceTree = "<group>";
		};
		6F0F429A2B0DF2400033A983 /* NoAbum */ = {
			isa = PBXGroup;
			children = (
				6F0F429B2B0DF26E0033A983 /* AddAbumVideoViewController.swift */,
				6F0F429C2B0DF26E0033A983 /* AddAbumVideoViewController.xib */,
			);
			path = NoAbum;
			sourceTree = "<group>";
		};
		6F1A3B262AF95CAB00606209 /* Item */ = {
			isa = PBXGroup;
			children = (
				6F1A3B272AF95CBC00606209 /* TutorialView.swift */,
				6F1A3B292AF95CD800606209 /* TutorialView.xib */,
			);
			path = Item;
			sourceTree = "<group>";
		};
		6F1A3B2D2AF95D6E00606209 /* Common */ = {
			isa = PBXGroup;
			children = (
				6F91D1932AFA2AC200C115A0 /* BaseView */,
				6F91D17F2AFA2A9100C115A0 /* LoadingView */,
				6F91D17E2AFA2A8300C115A0 /* Constant */,
				6F91D1802AFA2A9D00C115A0 /* BaseService */,
			);
			path = Common;
			sourceTree = "<group>";
		};
		6F4D01DD2AF9FBAC00EC292F /* Setting */ = {
			isa = PBXGroup;
			children = (
				6F4D01DE2AFA0A5A00EC292F /* SettingViewController.swift */,
				6F4D01DF2AFA0A5A00EC292F /* SettingViewController.xib */,
			);
			path = Setting;
			sourceTree = "<group>";
		};
		6F51C53A2AFC80220032A696 /* CollectionViewCell */ = {
			isa = PBXGroup;
			children = (
				6F51C53B2AFC803B0032A696 /* VideoLibraryCollectionViewCell.swift */,
				6F51C53C2AFC803B0032A696 /* VideoLibraryCollectionViewCell.xib */,
			);
			path = CollectionViewCell;
			sourceTree = "<group>";
		};
		6F553BC42AFBDFEB004F67FF /* Managers */ = {
			isa = PBXGroup;
			children = (
				6F553BC82AFBE01F004F67FF /* Airplay */,
				6F553BC72AFBE00C004F67FF /* PhotoPicker */,
			);
			path = Managers;
			sourceTree = "<group>";
		};
		6F553BC72AFBE00C004F67FF /* PhotoPicker */ = {
			isa = PBXGroup;
			children = (
				6F553BC52AFBDFFC004F67FF /* PhotoPickerManager.swift */,
			);
			path = PhotoPicker;
			sourceTree = "<group>";
		};
		6F553BC82AFBE01F004F67FF /* Airplay */ = {
			isa = PBXGroup;
			children = (
				6F553BC92AFBE02E004F67FF /* AirplayManager.swift */,
			);
			path = Airplay;
			sourceTree = "<group>";
		};
		6F5E64422AFB637700B31692 /* Fonts */ = {
			isa = PBXGroup;
			children = (
				6F553BA72AFB7573004F67FF /* Inter-Black.ttf */,
				6F553BA82AFB7573004F67FF /* Inter-Bold.ttf */,
				6F553BAB2AFB7575004F67FF /* Inter-ExtraBold.ttf */,
				6F553BA92AFB7574004F67FF /* Inter-ExtraLight.ttf */,
				6F553BAD2AFB7576004F67FF /* Inter-Light.ttf */,
				6F553BAA2AFB7574004F67FF /* Inter-Medium.ttf */,
				6F553BAC2AFB7575004F67FF /* Inter-Regular.ttf */,
				6F553BAF2AFB7577004F67FF /* Inter-SemiBold.ttf */,
				6F553BAE2AFB7576004F67FF /* Inter-Thin.ttf */,
			);
			path = Fonts;
			sourceTree = "<group>";
		};
		6F91D1792AFA288300C115A0 /* Connect */ = {
			isa = PBXGroup;
			children = (
				6F91D17A2AFA28AA00C115A0 /* ConnectViewController.swift */,
				6F91D17B2AFA28AA00C115A0 /* ConnectViewController.xib */,
			);
			path = Connect;
			sourceTree = "<group>";
		};
		6F91D17E2AFA2A8300C115A0 /* Constant */ = {
			isa = PBXGroup;
			children = (
				6F91D1812AFA2AA700C115A0 /* AppConstant.swift */,
			);
			path = Constant;
			sourceTree = "<group>";
		};
		6F91D17F2AFA2A9100C115A0 /* LoadingView */ = {
			isa = PBXGroup;
			children = (
				6F91D1842AFA2AB400C115A0 /* BaseNavigateViewController.swift */,
				6F91D1832AFA2AB400C115A0 /* BaseViewController.swift */,
				6F91D1852AFA2AB400C115A0 /* LoadingView.swift */,
			);
			path = LoadingView;
			sourceTree = "<group>";
		};
		6F91D1802AFA2A9D00C115A0 /* BaseService */ = {
			isa = PBXGroup;
			children = (
				6F91D18A2AFA2ABE00C115A0 /* BaseService.swift */,
				6F91D18B2AFA2ABE00C115A0 /* Configs.swift */,
				6F91D18D2AFA2ABE00C115A0 /* ConfigurationBase.swift */,
				6F91D18C2AFA2ABE00C115A0 /* Enviroment.swift */,
				6F91D1892AFA2ABE00C115A0 /* ServiceConstant.swift */,
			);
			path = BaseService;
			sourceTree = "<group>";
		};
		6F91D1932AFA2AC200C115A0 /* BaseView */ = {
			isa = PBXGroup;
			children = (
				6F1A3B2B2AF95D6500606209 /* BaseView.swift */,
			);
			path = BaseView;
			sourceTree = "<group>";
		};
		6F91D1942AFA3AE500C115A0 /* SuccesStartMirroring */ = {
			isa = PBXGroup;
			children = (
				6F9B1C5A2AFA45D500DF584C /* MirroringStop */,
				6F91D1962AFA3B2B00C115A0 /* MirroringTutorialViewController.swift */,
				6F91D1972AFA3B2B00C115A0 /* MirroringTutorialViewController.xib */,
			);
			path = SuccesStartMirroring;
			sourceTree = "<group>";
		};
		6F91D1952AFA3AFC00C115A0 /* ErrorStartMirroring */ = {
			isa = PBXGroup;
			children = (
				6F553BC02AFB9ADB004F67FF /* ErrorMirroringViewController.swift */,
				6F553BC12AFB9ADB004F67FF /* ErrorMirroringViewController.xib */,
			);
			path = ErrorStartMirroring;
			sourceTree = "<group>";
		};
		6F9B1C5A2AFA45D500DF584C /* MirroringStop */ = {
			isa = PBXGroup;
			children = (
				6F9B1C642AFB3E2E00DF584C /* MirroringStopViewController.swift */,
				6F9B1C652AFB3E2E00DF584C /* MirroringStopViewController.xib */,
			);
			path = MirroringStop;
			sourceTree = "<group>";
		};
		6F9B1C682AFB433700DF584C /* VideoLibrary */ = {
			isa = PBXGroup;
			children = (
				6F9B1C692AFB43D100DF584C /* VideoLibraryViewController.swift */,
				6F9B1C6A2AFB43D100DF584C /* VideoLibraryViewController.xib */,
			);
			path = VideoLibrary;
			sourceTree = "<group>";
		};
		6FBD84652B052BCF002290DF /* VideoPlayer */ = {
			isa = PBXGroup;
			children = (
				6F0F42982B0DA3170033A983 /* ViewPresent */,
				6FBD84662B052BF6002290DF /* VideoPlayerViewController.swift */,
				6FBD84672B052BF6002290DF /* VideoPlayerViewController.xib */,
			);
			path = VideoPlayer;
			sourceTree = "<group>";
		};
		6FBD84702B0546DB002290DF /* Video */ = {
			isa = PBXGroup;
			children = (
				6F51C53A2AFC80220032A696 /* CollectionViewCell */,
				6FBD84652B052BCF002290DF /* VideoPlayer */,
				6F9B1C682AFB433700DF584C /* VideoLibrary */,
			);
			path = Video;
			sourceTree = "<group>";
		};
		7419B4EC2B0B3B360097DE9D /* ExternalScreenViewController */ = {
			isa = PBXGroup;
			children = (
				743E7ED72B0B56E800193B8C /* ExternalScreenViewController.xib */,
				743E7EDA2B0B56F800193B8C /* ExternalScreenViewController.swift */,
			);
			path = ExternalScreenViewController;
			sourceTree = "<group>";
		};
		74D9BCC12B04A80700B4FC36 /* MoreRecentViewController */ = {
			isa = PBXGroup;
			children = (
				74D9BCC22B04A83100B4FC36 /* MoreRecentsViewController.swift */,
				74D9BCC32B04A83100B4FC36 /* MoreRecentsViewController.xib */,
			);
			path = MoreRecentViewController;
			sourceTree = "<group>";
		};
		74FCD6292B01C792001348F9 /* Model */ = {
			isa = PBXGroup;
			children = (
				74FCD62A2B01C792001348F9 /* AlbumModel.swift */,
				74FCD62B2B01C792001348F9 /* SocialModel.swift */,
				74FCD68B2B01D0BF001348F9 /* HistoryBrowserModel.swift */,
			);
			path = Model;
			sourceTree = "<group>";
		};
		74FCD62C2B01C793001348F9 /* CollectionViewCell */ = {
			isa = PBXGroup;
			children = (
				74FCD62D2B01C793001348F9 /* PhotoCollectionViewCell */,
				74FCD6302B01C793001348F9 /* AlbumsCollectionViewCell */,
				74FCD6332B01C793001348F9 /* IntroCollectionViewCell */,
				74FCD6362B01C793001348F9 /* SocialCollectionViewCell */,
			);
			path = CollectionViewCell;
			sourceTree = "<group>";
		};
		74FCD62D2B01C793001348F9 /* PhotoCollectionViewCell */ = {
			isa = PBXGroup;
			children = (
				74FCD62E2B01C793001348F9 /* PhotoCollectionViewCell.xib */,
				74FCD62F2B01C793001348F9 /* PhotoCollectionViewCell.swift */,
			);
			path = PhotoCollectionViewCell;
			sourceTree = "<group>";
		};
		74FCD6302B01C793001348F9 /* AlbumsCollectionViewCell */ = {
			isa = PBXGroup;
			children = (
				74FCD6312B01C793001348F9 /* AlbumsCollectionViewCell.xib */,
				74FCD6322B01C793001348F9 /* AlbumsCollectionViewCell.swift */,
			);
			path = AlbumsCollectionViewCell;
			sourceTree = "<group>";
		};
		74FCD6332B01C793001348F9 /* IntroCollectionViewCell */ = {
			isa = PBXGroup;
			children = (
				74FCD6342B01C793001348F9 /* IntroCollectionViewCell.swift */,
				74FCD6352B01C793001348F9 /* IntroCollectionViewCell.xib */,
			);
			path = IntroCollectionViewCell;
			sourceTree = "<group>";
		};
		74FCD6362B01C793001348F9 /* SocialCollectionViewCell */ = {
			isa = PBXGroup;
			children = (
				74FCD6372B01C793001348F9 /* SocialCollectionViewCell.swift */,
				74FCD6382B01C793001348F9 /* SocialCollectionViewCell.xib */,
			);
			path = SocialCollectionViewCell;
			sourceTree = "<group>";
		};
		74FCD6392B01C793001348F9 /* TableViewCell */ = {
			isa = PBXGroup;
			children = (
				74FCD63A2B01C793001348F9 /* HistorySearchTableViewCell */,
				74FCD63D2B01C793001348F9 /* BrowserTableViewCell */,
			);
			path = TableViewCell;
			sourceTree = "<group>";
		};
		74FCD63A2B01C793001348F9 /* HistorySearchTableViewCell */ = {
			isa = PBXGroup;
			children = (
				74FCD63B2B01C793001348F9 /* HistorySearchTableViewCell.swift */,
				74FCD63C2B01C793001348F9 /* HistorySearchTableViewCell.xib */,
			);
			path = HistorySearchTableViewCell;
			sourceTree = "<group>";
		};
		74FCD63D2B01C793001348F9 /* BrowserTableViewCell */ = {
			isa = PBXGroup;
			children = (
				74FCD63E2B01C793001348F9 /* BrowserTableViewCell.xib */,
				74FCD63F2B01C793001348F9 /* BrowserTableViewCell.swift */,
			);
			path = BrowserTableViewCell;
			sourceTree = "<group>";
		};
		74FCD6402B01C793001348F9 /* Base */ = {
			isa = PBXGroup;
			children = (
				74FCD6412B01C793001348F9 /* SelectDeviceViewController */,
				74FCD6442B01C793001348F9 /* KeyboardNotifier */,
				74FCD6462B01C793001348F9 /* GradientButton */,
				74FCD64A2B01C793001348F9 /* EmptyLibraryView */,
				74FCD64D2B01C793001348F9 /* ModalBottomView */,
				74FCD6502B01C793001348F9 /* TutorialWithStepViewController */,
			);
			path = Base;
			sourceTree = "<group>";
		};
		74FCD6412B01C793001348F9 /* SelectDeviceViewController */ = {
			isa = PBXGroup;
			children = (
				74FCD6422B01C793001348F9 /* SelectDeviceViewController.swift */,
				74FCD6432B01C793001348F9 /* SelectDeviceViewController.xib */,
			);
			path = SelectDeviceViewController;
			sourceTree = "<group>";
		};
		74FCD6442B01C793001348F9 /* KeyboardNotifier */ = {
			isa = PBXGroup;
			children = (
				74FCD6452B01C793001348F9 /* KeyboardNotifier.swift */,
			);
			path = KeyboardNotifier;
			sourceTree = "<group>";
		};
		74FCD6462B01C793001348F9 /* GradientButton */ = {
			isa = PBXGroup;
			children = (
				74FCD6472B01C793001348F9 /* GradientButton.swift */,
			);
			path = GradientButton;
			sourceTree = "<group>";
		};
		74FCD64A2B01C793001348F9 /* EmptyLibraryView */ = {
			isa = PBXGroup;
			children = (
				74FCD64B2B01C793001348F9 /* EmptyLibraryView.xib */,
				74FCD64C2B01C793001348F9 /* EmptyLibraryView.swift */,
			);
			path = EmptyLibraryView;
			sourceTree = "<group>";
		};
		74FCD64D2B01C793001348F9 /* ModalBottomView */ = {
			isa = PBXGroup;
			children = (
				74FCD64E2B01C793001348F9 /* ModalBottomView.xib */,
				74FCD64F2B01C793001348F9 /* ModalBottomView.swift */,
			);
			path = ModalBottomView;
			sourceTree = "<group>";
		};
		74FCD6502B01C793001348F9 /* TutorialWithStepViewController */ = {
			isa = PBXGroup;
			children = (
				74FCD6512B01C793001348F9 /* TutorialWithStepViewController.xib */,
				74FCD6522B01C793001348F9 /* TutorialWithStepViewController.swift */,
			);
			path = TutorialWithStepViewController;
			sourceTree = "<group>";
		};
		74FCD66C2B01C7B5001348F9 /* Intro */ = {
			isa = PBXGroup;
			children = (
				74FCD66D2B01C7B5001348F9 /* IntroViewController.swift */,
				74FCD66E2B01C7B5001348F9 /* IntroViewController.xib */,
			);
			path = Intro;
			sourceTree = "<group>";
		};
		74FCD66F2B01C7B5001348F9 /* PhotoCastViewController */ = {
			isa = PBXGroup;
			children = (
				74FCD6702B01C7B5001348F9 /* PhotoCastViewController.xib */,
				74FCD6712B01C7B5001348F9 /* PhotoCastViewController.swift */,
			);
			path = PhotoCastViewController;
			sourceTree = "<group>";
		};
		74FCD6722B01C7B5001348F9 /* BrowserViewController */ = {
			isa = PBXGroup;
			children = (
				74FCD6732B01C7B5001348F9 /* BrowserViewController.xib */,
				74FCD6742B01C7B5001348F9 /* BrowserViewController.swift */,
			);
			path = BrowserViewController;
			sourceTree = "<group>";
		};
		74FCD6752B01C7B5001348F9 /* AlbumsViewController */ = {
			isa = PBXGroup;
			children = (
				74FCD6762B01C7B5001348F9 /* AlbumsViewController.xib */,
				74FCD6772B01C7B5001348F9 /* AlbumsViewController.swift */,
			);
			path = AlbumsViewController;
			sourceTree = "<group>";
		};
		74FCD6782B01C7B6001348F9 /* PhotoViewController */ = {
			isa = PBXGroup;
			children = (
				74FCD6792B01C7B6001348F9 /* PhotoViewController.xib */,
				74FCD67A2B01C7B6001348F9 /* PhotoViewController.swift */,
			);
			path = PhotoViewController;
			sourceTree = "<group>";
		};
/* End PBXGroup section */

/* Begin PBXNativeTarget section */
		6F00FE6A2AF8BE9E000E1850 /* TVCAP */ = {
			isa = PBXNativeTarget;
			buildConfigurationList = 6F00FE822AF8BE9F000E1850 /* Build configuration list for PBXNativeTarget "TVCAP" */;
			buildPhases = (
				F3F49AFEFB82FA41C78F5ECD /* [CP] Check Pods Manifest.lock */,
				6F00FEC62AF93921000E1850 /* ShellScript */,
				6F00FE672AF8BE9E000E1850 /* Sources */,
				6F00FE682AF8BE9E000E1850 /* Frameworks */,
				6F00FE692AF8BE9E000E1850 /* Resources */,
				33323666387BE3B5CD92B52A /* [CP] Embed Pods Frameworks */,
			);
			buildRules = (
			);
			dependencies = (
			);
			name = TVCAP;
			productName = TVCAP;
			productReference = 6F00FE6B2AF8BE9E000E1850 /* TVCAP.app */;
			productType = "com.apple.product-type.application";
		};
/* End PBXNativeTarget section */

/* Begin PBXProject section */
		6F00FE632AF8BE9E000E1850 /* Project object */ = {
			isa = PBXProject;
			attributes = {
				BuildIndependentTargetsInParallel = 1;
				LastSwiftUpdateCheck = 1430;
				LastUpgradeCheck = 1430;
				TargetAttributes = {
					6F00FE6A2AF8BE9E000E1850 = {
						CreatedOnToolsVersion = 14.3.1;
					};
				};
			};
			buildConfigurationList = 6F00FE662AF8BE9E000E1850 /* Build configuration list for PBXProject "TVCAP" */;
			compatibilityVersion = "Xcode 13.0";
			developmentRegion = en;
			hasScannedForEncodings = 0;
			knownRegions = (
				en,
				Base,
			);
			mainGroup = 6F00FE622AF8BE9E000E1850;
			productRefGroup = 6F00FE6C2AF8BE9E000E1850 /* Products */;
			projectDirPath = "";
			projectRoot = "";
			targets = (
				6F00FE6A2AF8BE9E000E1850 /* TVCAP */,
			);
		};
/* End PBXProject section */

/* Begin PBXResourcesBuildPhase section */
		6F00FE692AF8BE9E000E1850 /* Resources */ = {
			isa = PBXResourcesBuildPhase;
			buildActionMask = 2147483647;
			files = (
				74FCD6572B01C793001348F9 /* AlbumsCollectionViewCell.xib in Resources */,
				6F9B1C672AFB3E2E00DF584C /* MirroringStopViewController.xib in Resources */,
				74FCD65A2B01C793001348F9 /* IntroCollectionViewCell.xib in Resources */,
				6F0F42972B0D98C00033A983 /* StopCastViewController.xib in Resources */,
				6F1A3B2A2AF95CD800606209 /* TutorialView.xib in Resources */,
				74FCD65F2B01C793001348F9 /* BrowserTableViewCell.xib in Resources */,
				74FCD6832B01C7B6001348F9 /* PhotoViewController.xib in Resources */,
				74FCD65E2B01C793001348F9 /* HistorySearchTableViewCell.xib in Resources */,
				6F4D01E12AFA0A5A00EC292F /* SettingViewController.xib in Resources */,
				6F553BB42AFB7577004F67FF /* Inter-ExtraBold.ttf in Resources */,
				6FBD84692B052BF6002290DF /* VideoPlayerViewController.xib in Resources */,
				6F553BB72AFB7577004F67FF /* Inter-Thin.ttf in Resources */,
				6F553BB22AFB7577004F67FF /* Inter-ExtraLight.ttf in Resources */,
				74FCD6622B01C793001348F9 /* SelectDeviceViewController.xib in Resources */,
				6F553BC32AFB9ADB004F67FF /* ErrorMirroringViewController.xib in Resources */,
				74FCD6552B01C793001348F9 /* PhotoCollectionViewCell.xib in Resources */,
				6F553BB12AFB7577004F67FF /* Inter-Bold.ttf in Resources */,
				6F51C53E2AFC803B0032A696 /* VideoLibraryCollectionViewCell.xib in Resources */,
				6F00FE7E2AF8BE9F000E1850 /* LaunchScreen.storyboard in Resources */,
				74FCD6812B01C7B6001348F9 /* AlbumsViewController.xib in Resources */,
				74FCD6662B01C793001348F9 /* EmptyLibraryView.xib in Resources */,
				6F553BB82AFB7577004F67FF /* Inter-SemiBold.ttf in Resources */,
				6F9B1C6C2AFB43D100DF584C /* VideoLibraryViewController.xib in Resources */,
				74FCD67F2B01C7B6001348F9 /* BrowserViewController.xib in Resources */,
				6F00FE7B2AF8BE9F000E1850 /* Assets.xcassets in Resources */,
				74FCD67D2B01C7B6001348F9 /* PhotoCastViewController.xib in Resources */,
				6F553BB32AFB7577004F67FF /* Inter-Medium.ttf in Resources */,
				6F553BB62AFB7577004F67FF /* Inter-Light.ttf in Resources */,
				74FCD66A2B01C793001348F9 /* TutorialWithStepViewController.xib in Resources */,
				6F00FECE2AF9485A000E1850 /* TutorialViewController.xib in Resources */,
				6F553BB02AFB7577004F67FF /* Inter-Black.ttf in Resources */,
				6F91D1992AFA3B2B00C115A0 /* MirroringTutorialViewController.xib in Resources */,
				6F91D17D2AFA28AA00C115A0 /* ConnectViewController.xib in Resources */,
				6F0F429E2B0DF26E0033A983 /* AddAbumVideoViewController.xib in Resources */,
				74D9BCC52B04A83100B4FC36 /* MoreRecentsViewController.xib in Resources */,
				6F553BB52AFB7577004F67FF /* Inter-Regular.ttf in Resources */,
				74FCD67C2B01C7B6001348F9 /* IntroViewController.xib in Resources */,
				6F00FEB32AF8BFD7000E1850 /* HomeViewController.xib in Resources */,
				74FCD6682B01C793001348F9 /* ModalBottomView.xib in Resources */,
				743E7ED92B0B56E800193B8C /* ExternalScreenViewController.xib in Resources */,
				74FCD65C2B01C793001348F9 /* SocialCollectionViewCell.xib in Resources */,
			);
			runOnlyForDeploymentPostprocessing = 0;
		};
/* End PBXResourcesBuildPhase section */

/* Begin PBXShellScriptBuildPhase section */
		33323666387BE3B5CD92B52A /* [CP] Embed Pods Frameworks */ = {
			isa = PBXShellScriptBuildPhase;
			buildActionMask = 2147483647;
			files = (
			);
			inputFileListPaths = (
				"${PODS_ROOT}/Target Support Files/Pods-TVCAP/Pods-TVCAP-frameworks-${CONFIGURATION}-input-files.xcfilelist",
			);
			name = "[CP] Embed Pods Frameworks";
			outputFileListPaths = (
				"${PODS_ROOT}/Target Support Files/Pods-TVCAP/Pods-TVCAP-frameworks-${CONFIGURATION}-output-files.xcfilelist",
			);
			runOnlyForDeploymentPostprocessing = 0;
			shellPath = /bin/sh;
			shellScript = "\"${PODS_ROOT}/Target Support Files/Pods-TVCAP/Pods-TVCAP-frameworks.sh\"\n";
			showEnvVarsInLog = 0;
		};
		6F00FEC62AF93921000E1850 /* ShellScript */ = {
			isa = PBXShellScriptBuildPhase;
			alwaysOutOfDate = 1;
			buildActionMask = 2147483647;
			files = (
			);
			inputFileListPaths = (
			);
			inputPaths = (
			);
			outputFileListPaths = (
			);
			outputPaths = (
				$SRCROOT/R.generated.swift,
			);
			runOnlyForDeploymentPostprocessing = 0;
			shellPath = /bin/sh;
			shellScript = "# Type a script or drag a script file from your workspace to insert its path.\n\"$PODS_ROOT/R.swift/rswift\" generate \"$SRCROOT/R.generated.swift\"\n";
		};
		F3F49AFEFB82FA41C78F5ECD /* [CP] Check Pods Manifest.lock */ = {
			isa = PBXShellScriptBuildPhase;
			buildActionMask = 2147483647;
			files = (
			);
			inputFileListPaths = (
			);
			inputPaths = (
				"${PODS_PODFILE_DIR_PATH}/Podfile.lock",
				"${PODS_ROOT}/Manifest.lock",
			);
			name = "[CP] Check Pods Manifest.lock";
			outputFileListPaths = (
			);
			outputPaths = (
				"$(DERIVED_FILE_DIR)/Pods-TVCAP-checkManifestLockResult.txt",
			);
			runOnlyForDeploymentPostprocessing = 0;
			shellPath = /bin/sh;
			shellScript = "diff \"${PODS_PODFILE_DIR_PATH}/Podfile.lock\" \"${PODS_ROOT}/Manifest.lock\" > /dev/null\nif [ $? != 0 ] ; then\n    # print error to STDERR\n    echo \"error: The sandbox is not in sync with the Podfile.lock. Run 'pod install' or update your CocoaPods installation.\" >&2\n    exit 1\nfi\n# This output is used by Xcode 'outputs' to avoid re-running this script phase.\necho \"SUCCESS\" > \"${SCRIPT_OUTPUT_FILE_0}\"\n";
			showEnvVarsInLog = 0;
		};
/* End PBXShellScriptBuildPhase section */

/* Begin PBXSourcesBuildPhase section */
		6F00FE672AF8BE9E000E1850 /* Sources */ = {
			isa = PBXSourcesBuildPhase;
			buildActionMask = 2147483647;
			files = (
				6F553BC62AFBDFFC004F67FF /* PhotoPickerManager.swift in Sources */,
				743E7EDB2B0B56F800193B8C /* ExternalScreenViewController.swift in Sources */,
				74FCD6802B01C7B6001348F9 /* BrowserViewController.swift in Sources */,
				6F91D1982AFA3B2B00C115A0 /* MirroringTutorialViewController.swift in Sources */,
				6F00FE9E2AF8BF0F000E1850 /* Int+Extension.swift in Sources */,
				6F553BCA2AFBE02E004F67FF /* AirplayManager.swift in Sources */,
				6F91D1922AFA2ABE00C115A0 /* ConfigurationBase.swift in Sources */,
				74FCD6562B01C793001348F9 /* PhotoCollectionViewCell.swift in Sources */,
				6F00FE9A2AF8BF0F000E1850 /* UITableView+Extension.swift in Sources */,
				74FCD65B2B01C793001348F9 /* SocialCollectionViewCell.swift in Sources */,
				6F00FECA2AF93DB4000E1850 /* CAGradientLayer+Extension.swift in Sources */,
				6F68657B2B0126EC004535DB /* UIImage+Extension.swift in Sources */,
				6F9B1C6B2AFB43D100DF584C /* VideoLibraryViewController.swift in Sources */,
				6FBD84682B052BF6002290DF /* VideoPlayerViewController.swift in Sources */,
				6F00FE982AF8BF0F000E1850 /* UIViewController+Extension.swift in Sources */,
				6F0F42962B0D98C00033A983 /* StopCastViewController.swift in Sources */,
				6F00FE962AF8BF0F000E1850 /* UITextView+Extension.swift in Sources */,
				6F00FE792AF8BE9E000E1850 /* TVCAP.xcdatamodeld in Sources */,
				74FCD67B2B01C7B6001348F9 /* IntroViewController.swift in Sources */,
				6F00FEB22AF8BFD7000E1850 /* HomeViewController.swift in Sources */,
				74FCD6642B01C793001348F9 /* GradientButton.swift in Sources */,
				74FCD68A2B01C930001348F9 /* UIImageView+Extension.swift in Sources */,
				6F00FE9B2AF8BF0F000E1850 /* String+Extension.swift in Sources */,
				6F91D1872AFA2AB400C115A0 /* BaseNavigateViewController.swift in Sources */,
				6F00FEC82AF93A44000E1850 /* R.generated.swift in Sources */,
				6F91D18E2AFA2ABE00C115A0 /* ServiceConstant.swift in Sources */,
				6F1A3B282AF95CBC00606209 /* TutorialView.swift in Sources */,
				74FCD6582B01C793001348F9 /* AlbumsCollectionViewCell.swift in Sources */,
				74FCD6632B01C793001348F9 /* KeyboardNotifier.swift in Sources */,
				6F553BC22AFB9ADB004F67FF /* ErrorMirroringViewController.swift in Sources */,
				6F0F429D2B0DF26E0033A983 /* AddAbumVideoViewController.swift in Sources */,
				74FCD66B2B01C793001348F9 /* TutorialWithStepViewController.swift in Sources */,
				74FCD67E2B01C7B6001348F9 /* PhotoCastViewController.swift in Sources */,
				6F4D01E02AFA0A5A00EC292F /* SettingViewController.swift in Sources */,
				74FCD6692B01C793001348F9 /* ModalBottomView.swift in Sources */,
				74FCD6672B01C793001348F9 /* EmptyLibraryView.swift in Sources */,
				74FCD6872B01C903001348F9 /* UIBarButtonItem+Extension.swift in Sources */,
				74FCD6612B01C793001348F9 /* SelectDeviceViewController.swift in Sources */,
				6F9B1C662AFB3E2E00DF584C /* MirroringStopViewController.swift in Sources */,
				6F00FE732AF8BE9E000E1850 /* ViewController.swift in Sources */,
				6F00FE9C2AF8BF0F000E1850 /* UICollectionView+Extension.swift in Sources */,
				6F00FE9D2AF8BF0F000E1850 /* UINavigation+Extension.swift in Sources */,
				6F00FE6F2AF8BE9E000E1850 /* AppDelegate.swift in Sources */,
				74D9BCC42B04A83100B4FC36 /* MoreRecentsViewController.swift in Sources */,
				6F00FE952AF8BF0F000E1850 /* UIColor+Extension.swift in Sources */,
				6F1A3B2C2AF95D6500606209 /* BaseView.swift in Sources */,
				74FCD6882B01C903001348F9 /* PHAssetCollection+Extension.swift in Sources */,
				6F00FE942AF8BF0F000E1850 /* UIView+Extension.swift in Sources */,
				74FCD6602B01C793001348F9 /* BrowserTableViewCell.swift in Sources */,
				6F00FE9F2AF8BF0F000E1850 /* ViewProtocol+Extension.swift in Sources */,
				74FCD6592B01C793001348F9 /* IntroCollectionViewCell.swift in Sources */,
				6F00FEA12AF8BF0F000E1850 /* Optional+Extension.swift in Sources */,
				74FCD6532B01C793001348F9 /* AlbumModel.swift in Sources */,
				6F00FE992AF8BF0F000E1850 /* NSAttributedString+Extension.swift in Sources */,
				6F00FE972AF8BF0F000E1850 /* UIFont+Extension.swift in Sources */,
				6F91D1822AFA2AA700C115A0 /* AppConstant.swift in Sources */,
				6F91D17C2AFA28AA00C115A0 /* ConnectViewController.swift in Sources */,
				6F00FE712AF8BE9E000E1850 /* SceneDelegate.swift in Sources */,
				6F00FECD2AF9485A000E1850 /* TutorialViewController.swift in Sources */,
				6F91D1902AFA2ABE00C115A0 /* Configs.swift in Sources */,
				74FCD6942B032FF0001348F9 /* Results+Extension.swift in Sources */,
				74FCD65D2B01C793001348F9 /* HistorySearchTableViewCell.swift in Sources */,
				6F00FEA02AF8BF0F000E1850 /* UITextField+Extension.swift in Sources */,
				74FCD6822B01C7B6001348F9 /* AlbumsViewController.swift in Sources */,
				6F91D1882AFA2AB400C115A0 /* LoadingView.swift in Sources */,
				6F91D1912AFA2ABE00C115A0 /* Enviroment.swift in Sources */,
				74FCD68C2B01D0BF001348F9 /* HistoryBrowserModel.swift in Sources */,
				74FCD6542B01C793001348F9 /* SocialModel.swift in Sources */,
				6F91D1862AFA2AB400C115A0 /* BaseViewController.swift in Sources */,
				74FCD6842B01C7B6001348F9 /* PhotoViewController.swift in Sources */,
				6F51C53D2AFC803B0032A696 /* VideoLibraryCollectionViewCell.swift in Sources */,
				6F91D18F2AFA2ABE00C115A0 /* BaseService.swift in Sources */,
			);
			runOnlyForDeploymentPostprocessing = 0;
		};
/* End PBXSourcesBuildPhase section */

/* Begin PBXVariantGroup section */
		6F00FE7C2AF8BE9F000E1850 /* LaunchScreen.storyboard */ = {
			isa = PBXVariantGroup;
			children = (
				6F00FE7D2AF8BE9F000E1850 /* Base */,
			);
			name = LaunchScreen.storyboard;
			sourceTree = "<group>";
		};
/* End PBXVariantGroup section */

/* Begin XCBuildConfiguration section */
		6F00FE802AF8BE9F000E1850 /* Debug */ = {
			isa = XCBuildConfiguration;
			buildSettings = {
				ALWAYS_SEARCH_USER_PATHS = NO;
				CLANG_ANALYZER_NONNULL = YES;
				CLANG_ANALYZER_NUMBER_OBJECT_CONVERSION = YES_AGGRESSIVE;
				CLANG_CXX_LANGUAGE_STANDARD = "gnu++20";
				CLANG_ENABLE_MODULES = YES;
				CLANG_ENABLE_OBJC_ARC = YES;
				CLANG_ENABLE_OBJC_WEAK = YES;
				CLANG_WARN_BLOCK_CAPTURE_AUTORELEASING = YES;
				CLANG_WARN_BOOL_CONVERSION = YES;
				CLANG_WARN_COMMA = YES;
				CLANG_WARN_CONSTANT_CONVERSION = YES;
				CLANG_WARN_DEPRECATED_OBJC_IMPLEMENTATIONS = YES;
				CLANG_WARN_DIRECT_OBJC_ISA_USAGE = YES_ERROR;
				CLANG_WARN_DOCUMENTATION_COMMENTS = YES;
				CLANG_WARN_EMPTY_BODY = YES;
				CLANG_WARN_ENUM_CONVERSION = YES;
				CLANG_WARN_INFINITE_RECURSION = YES;
				CLANG_WARN_INT_CONVERSION = YES;
				CLANG_WARN_NON_LITERAL_NULL_CONVERSION = YES;
				CLANG_WARN_OBJC_IMPLICIT_RETAIN_SELF = YES;
				CLANG_WARN_OBJC_LITERAL_CONVERSION = YES;
				CLANG_WARN_OBJC_ROOT_CLASS = YES_ERROR;
				CLANG_WARN_QUOTED_INCLUDE_IN_FRAMEWORK_HEADER = YES;
				CLANG_WARN_RANGE_LOOP_ANALYSIS = YES;
				CLANG_WARN_STRICT_PROTOTYPES = YES;
				CLANG_WARN_SUSPICIOUS_MOVE = YES;
				CLANG_WARN_UNGUARDED_AVAILABILITY = YES_AGGRESSIVE;
				CLANG_WARN_UNREACHABLE_CODE = YES;
				CLANG_WARN__DUPLICATE_METHOD_MATCH = YES;
				COPY_PHASE_STRIP = NO;
				DEBUG_INFORMATION_FORMAT = dwarf;
				ENABLE_STRICT_OBJC_MSGSEND = YES;
				ENABLE_TESTABILITY = YES;
				GCC_C_LANGUAGE_STANDARD = gnu11;
				GCC_DYNAMIC_NO_PIC = NO;
				GCC_NO_COMMON_BLOCKS = YES;
				GCC_OPTIMIZATION_LEVEL = 0;
				GCC_PREPROCESSOR_DEFINITIONS = (
					"DEBUG=1",
					"$(inherited)",
				);
				GCC_WARN_64_TO_32_BIT_CONVERSION = YES;
				GCC_WARN_ABOUT_RETURN_TYPE = YES_ERROR;
				GCC_WARN_UNDECLARED_SELECTOR = YES;
				GCC_WARN_UNINITIALIZED_AUTOS = YES_AGGRESSIVE;
				GCC_WARN_UNUSED_FUNCTION = YES;
				GCC_WARN_UNUSED_VARIABLE = YES;
				IPHONEOS_DEPLOYMENT_TARGET = 16.4;
				MTL_ENABLE_DEBUG_INFO = INCLUDE_SOURCE;
				MTL_FAST_MATH = YES;
				ONLY_ACTIVE_ARCH = YES;
				SDKROOT = iphoneos;
				SWIFT_ACTIVE_COMPILATION_CONDITIONS = DEBUG;
				SWIFT_OPTIMIZATION_LEVEL = "-Onone";
			};
			name = Debug;
		};
		6F00FE812AF8BE9F000E1850 /* Release */ = {
			isa = XCBuildConfiguration;
			buildSettings = {
				ALWAYS_SEARCH_USER_PATHS = NO;
				CLANG_ANALYZER_NONNULL = YES;
				CLANG_ANALYZER_NUMBER_OBJECT_CONVERSION = YES_AGGRESSIVE;
				CLANG_CXX_LANGUAGE_STANDARD = "gnu++20";
				CLANG_ENABLE_MODULES = YES;
				CLANG_ENABLE_OBJC_ARC = YES;
				CLANG_ENABLE_OBJC_WEAK = YES;
				CLANG_WARN_BLOCK_CAPTURE_AUTORELEASING = YES;
				CLANG_WARN_BOOL_CONVERSION = YES;
				CLANG_WARN_COMMA = YES;
				CLANG_WARN_CONSTANT_CONVERSION = YES;
				CLANG_WARN_DEPRECATED_OBJC_IMPLEMENTATIONS = YES;
				CLANG_WARN_DIRECT_OBJC_ISA_USAGE = YES_ERROR;
				CLANG_WARN_DOCUMENTATION_COMMENTS = YES;
				CLANG_WARN_EMPTY_BODY = YES;
				CLANG_WARN_ENUM_CONVERSION = YES;
				CLANG_WARN_INFINITE_RECURSION = YES;
				CLANG_WARN_INT_CONVERSION = YES;
				CLANG_WARN_NON_LITERAL_NULL_CONVERSION = YES;
				CLANG_WARN_OBJC_IMPLICIT_RETAIN_SELF = YES;
				CLANG_WARN_OBJC_LITERAL_CONVERSION = YES;
				CLANG_WARN_OBJC_ROOT_CLASS = YES_ERROR;
				CLANG_WARN_QUOTED_INCLUDE_IN_FRAMEWORK_HEADER = YES;
				CLANG_WARN_RANGE_LOOP_ANALYSIS = YES;
				CLANG_WARN_STRICT_PROTOTYPES = YES;
				CLANG_WARN_SUSPICIOUS_MOVE = YES;
				CLANG_WARN_UNGUARDED_AVAILABILITY = YES_AGGRESSIVE;
				CLANG_WARN_UNREACHABLE_CODE = YES;
				CLANG_WARN__DUPLICATE_METHOD_MATCH = YES;
				COPY_PHASE_STRIP = NO;
				DEBUG_INFORMATION_FORMAT = "dwarf-with-dsym";
				ENABLE_NS_ASSERTIONS = NO;
				ENABLE_STRICT_OBJC_MSGSEND = YES;
				GCC_C_LANGUAGE_STANDARD = gnu11;
				GCC_NO_COMMON_BLOCKS = YES;
				GCC_WARN_64_TO_32_BIT_CONVERSION = YES;
				GCC_WARN_ABOUT_RETURN_TYPE = YES_ERROR;
				GCC_WARN_UNDECLARED_SELECTOR = YES;
				GCC_WARN_UNINITIALIZED_AUTOS = YES_AGGRESSIVE;
				GCC_WARN_UNUSED_FUNCTION = YES;
				GCC_WARN_UNUSED_VARIABLE = YES;
				IPHONEOS_DEPLOYMENT_TARGET = 16.4;
				MTL_ENABLE_DEBUG_INFO = NO;
				MTL_FAST_MATH = YES;
				SDKROOT = iphoneos;
				SWIFT_COMPILATION_MODE = wholemodule;
				SWIFT_OPTIMIZATION_LEVEL = "-O";
				VALIDATE_PRODUCT = YES;
			};
			name = Release;
		};
		6F00FE832AF8BE9F000E1850 /* Debug */ = {
			isa = XCBuildConfiguration;
			baseConfigurationReference = 9E998E8BBF29FBA5A1BD86E2 /* Pods-TVCAP.debug.xcconfig */;
			buildSettings = {
				ASSETCATALOG_COMPILER_APPICON_NAME = AppIcon;
				ASSETCATALOG_COMPILER_GLOBAL_ACCENT_COLOR_NAME = AccentColor;
				CODE_SIGN_STYLE = Automatic;
				CURRENT_PROJECT_VERSION = 1;
				DEVELOPMENT_TEAM = S952RST7JQ;
				GENERATE_INFOPLIST_FILE = YES;
				INFOPLIST_FILE = TVCAP/Info.plist;
				INFOPLIST_KEY_NSPhotoLibraryUsageDescription = "";
				INFOPLIST_KEY_UIApplicationSupportsIndirectInputEvents = YES;
				INFOPLIST_KEY_UILaunchStoryboardName = LaunchScreen;
				INFOPLIST_KEY_UIMainStoryboardFile = "";
				INFOPLIST_KEY_UISupportedInterfaceOrientations_iPad = "UIInterfaceOrientationPortrait UIInterfaceOrientationPortraitUpsideDown UIInterfaceOrientationLandscapeLeft UIInterfaceOrientationLandscapeRight";
				INFOPLIST_KEY_UISupportedInterfaceOrientations_iPhone = "UIInterfaceOrientationPortrait UIInterfaceOrientationLandscapeLeft UIInterfaceOrientationLandscapeRight";
				LD_RUNPATH_SEARCH_PATHS = (
					"$(inherited)",
					"@executable_path/Frameworks",
				);
				MARKETING_VERSION = 1.0;
				PRODUCT_BUNDLE_IDENTIFIER = com.qalatt.com.TVCAP;
				PRODUCT_NAME = "$(TARGET_NAME)";
				SWIFT_EMIT_LOC_STRINGS = YES;
				SWIFT_VERSION = 5.0;
				TARGETED_DEVICE_FAMILY = "1,2";
			};
			name = Debug;
		};
		6F00FE842AF8BE9F000E1850 /* Release */ = {
			isa = XCBuildConfiguration;
			baseConfigurationReference = E26333E186666BBF1EDB365B /* Pods-TVCAP.release.xcconfig */;
			buildSettings = {
				ASSETCATALOG_COMPILER_APPICON_NAME = AppIcon;
				ASSETCATALOG_COMPILER_GLOBAL_ACCENT_COLOR_NAME = AccentColor;
				CODE_SIGN_STYLE = Automatic;
				CURRENT_PROJECT_VERSION = 1;
				DEVELOPMENT_TEAM = S952RST7JQ;
				GENERATE_INFOPLIST_FILE = YES;
				INFOPLIST_FILE = TVCAP/Info.plist;
				INFOPLIST_KEY_NSPhotoLibraryUsageDescription = "";
				INFOPLIST_KEY_UIApplicationSupportsIndirectInputEvents = YES;
				INFOPLIST_KEY_UILaunchStoryboardName = LaunchScreen;
				INFOPLIST_KEY_UIMainStoryboardFile = "";
				INFOPLIST_KEY_UISupportedInterfaceOrientations_iPad = "UIInterfaceOrientationPortrait UIInterfaceOrientationPortraitUpsideDown UIInterfaceOrientationLandscapeLeft UIInterfaceOrientationLandscapeRight";
				INFOPLIST_KEY_UISupportedInterfaceOrientations_iPhone = "UIInterfaceOrientationPortrait UIInterfaceOrientationLandscapeLeft UIInterfaceOrientationLandscapeRight";
				LD_RUNPATH_SEARCH_PATHS = (
					"$(inherited)",
					"@executable_path/Frameworks",
				);
				MARKETING_VERSION = 1.0;
				PRODUCT_BUNDLE_IDENTIFIER = com.qalatt.com.TVCAP;
				PRODUCT_NAME = "$(TARGET_NAME)";
				SWIFT_EMIT_LOC_STRINGS = YES;
				SWIFT_VERSION = 5.0;
				TARGETED_DEVICE_FAMILY = "1,2";
			};
			name = Release;
		};
/* End XCBuildConfiguration section */

/* Begin XCConfigurationList section */
		6F00FE662AF8BE9E000E1850 /* Build configuration list for PBXProject "TVCAP" */ = {
			isa = XCConfigurationList;
			buildConfigurations = (
				6F00FE802AF8BE9F000E1850 /* Debug */,
				6F00FE812AF8BE9F000E1850 /* Release */,
			);
			defaultConfigurationIsVisible = 0;
			defaultConfigurationName = Release;
		};
		6F00FE822AF8BE9F000E1850 /* Build configuration list for PBXNativeTarget "TVCAP" */ = {
			isa = XCConfigurationList;
			buildConfigurations = (
				6F00FE832AF8BE9F000E1850 /* Debug */,
				6F00FE842AF8BE9F000E1850 /* Release */,
			);
			defaultConfigurationIsVisible = 0;
			defaultConfigurationName = Release;
		};
/* End XCConfigurationList section */

/* Begin XCVersionGroup section */
		6F00FE772AF8BE9E000E1850 /* TVCAP.xcdatamodeld */ = {
			isa = XCVersionGroup;
			children = (
				6F00FE782AF8BE9E000E1850 /* TVCAP.xcdatamodel */,
			);
			currentVersion = 6F00FE782AF8BE9E000E1850 /* TVCAP.xcdatamodel */;
			path = TVCAP.xcdatamodeld;
			sourceTree = "<group>";
			versionGroupType = wrapper.xcdatamodel;
		};
/* End XCVersionGroup section */
	};
	rootObject = 6F00FE632AF8BE9E000E1850 /* Project object */;
}
